// !$*UTF8*$!
{
	archiveVersion = 1;
	classes = {
	};
	objectVersion = 50;
	objects = {

/* Begin PBXBuildFile section */
		6E54BF23252DB6AA008275F3 /* main.cpp in Sources */ = {isa = PBXBuildFile; fileRef = 6E54BF22252DB6AA008275F3 /* main.cpp */; };
		6E54BF2F252DC1F9008275F3 /* main.cpp in Sources */ = {isa = PBXBuildFile; fileRef = 6E54BF2E252DC1F9008275F3 /* main.cpp */; };
		6E54BF3C252EA721008275F3 /* main.cpp in Sources */ = {isa = PBXBuildFile; fileRef = 6E54BF3B252EA721008275F3 /* main.cpp */; };
		6E54BF4A252EA9D2008275F3 /* main.cpp in Sources */ = {isa = PBXBuildFile; fileRef = 6E54BF49252EA9D2008275F3 /* main.cpp */; };
/* End PBXBuildFile section */

/* Begin PBXCopyFilesBuildPhase section */
		6E54BF1E252DB6AA008275F3 /* CopyFiles */ = {
			isa = PBXCopyFilesBuildPhase;
			buildActionMask = 2147483647;
			dstPath = /usr/share/man/man1/;
			dstSubfolderSpec = 0;
			files = (
			);
			runOnlyForDeploymentPostprocessing = 1;
		};
		6E54BF2A252DC1F9008275F3 /* CopyFiles */ = {
			isa = PBXCopyFilesBuildPhase;
			buildActionMask = 2147483647;
			dstPath = /usr/share/man/man1/;
			dstSubfolderSpec = 0;
			files = (
			);
			runOnlyForDeploymentPostprocessing = 1;
		};
		6E54BF37252EA721008275F3 /* CopyFiles */ = {
			isa = PBXCopyFilesBuildPhase;
			buildActionMask = 2147483647;
			dstPath = /usr/share/man/man1/;
			dstSubfolderSpec = 0;
			files = (
			);
			runOnlyForDeploymentPostprocessing = 1;
		};
		6E54BF45252EA9D2008275F3 /* CopyFiles */ = {
			isa = PBXCopyFilesBuildPhase;
			buildActionMask = 2147483647;
			dstPath = /usr/share/man/man1/;
			dstSubfolderSpec = 0;
			files = (
			);
			runOnlyForDeploymentPostprocessing = 1;
		};
/* End PBXCopyFilesBuildPhase section */

/* Begin PBXFileReference section */
		6E54BF20252DB6AA008275F3 /* s_04_04b_an_introduction_to_std_string */ = {isa = PBXFileReference; explicitFileType = "compiled.mach-o.executable"; includeInIndex = 0; path = s_04_04b_an_introduction_to_std_string; sourceTree = BUILT_PRODUCTS_DIR; };
		6E54BF22252DB6AA008275F3 /* main.cpp */ = {isa = PBXFileReference; lastKnownFileType = sourcecode.cpp.cpp; path = main.cpp; sourceTree = "<group>"; };
		6E54BF2C252DC1F9008275F3 /* s_04_05_enumerated_types */ = {isa = PBXFileReference; explicitFileType = "compiled.mach-o.executable"; includeInIndex = 0; path = s_04_05_enumerated_types; sourceTree = BUILT_PRODUCTS_DIR; };
		6E54BF2E252DC1F9008275F3 /* main.cpp */ = {isa = PBXFileReference; lastKnownFileType = sourcecode.cpp.cpp; path = main.cpp; sourceTree = "<group>"; };
		6E54BF39252EA721008275F3 /* s_04_05a_enum_classes */ = {isa = PBXFileReference; explicitFileType = "compiled.mach-o.executable"; includeInIndex = 0; path = s_04_05a_enum_classes; sourceTree = BUILT_PRODUCTS_DIR; };
		6E54BF3B252EA721008275F3 /* main.cpp */ = {isa = PBXFileReference; lastKnownFileType = sourcecode.cpp.cpp; path = main.cpp; sourceTree = "<group>"; };
		6E54BF47252EA9D2008275F3 /* s_04_07_structs */ = {isa = PBXFileReference; explicitFileType = "compiled.mach-o.executable"; includeInIndex = 0; path = s_04_07_structs; sourceTree = BUILT_PRODUCTS_DIR; };
		6E54BF49252EA9D2008275F3 /* main.cpp */ = {isa = PBXFileReference; lastKnownFileType = sourcecode.cpp.cpp; path = main.cpp; sourceTree = "<group>"; };
/* End PBXFileReference section */

/* Begin PBXFrameworksBuildPhase section */
		6E54BF1D252DB6AA008275F3 /* Frameworks */ = {
			isa = PBXFrameworksBuildPhase;
			buildActionMask = 2147483647;
			files = (
			);
			runOnlyForDeploymentPostprocessing = 0;
		};
		6E54BF29252DC1F9008275F3 /* Frameworks */ = {
			isa = PBXFrameworksBuildPhase;
			buildActionMask = 2147483647;
			files = (
			);
			runOnlyForDeploymentPostprocessing = 0;
		};
		6E54BF36252EA721008275F3 /* Frameworks */ = {
			isa = PBXFrameworksBuildPhase;
			buildActionMask = 2147483647;
			files = (
			);
			runOnlyForDeploymentPostprocessing = 0;
		};
		6E54BF44252EA9D2008275F3 /* Frameworks */ = {
			isa = PBXFrameworksBuildPhase;
			buildActionMask = 2147483647;
			files = (
			);
			runOnlyForDeploymentPostprocessing = 0;
		};
/* End PBXFrameworksBuildPhase section */

/* Begin PBXGroup section */
		6E54BF07252DB66F008275F3 = {
			isa = PBXGroup;
			children = (
				6E54BF21252DB6AA008275F3 /* s_04_04b_an_introduction_to_std_string */,
				6E54BF2D252DC1F9008275F3 /* s_04_05_enumerated_types */,
				6E54BF3A252EA721008275F3 /* s_04_05a_enum_classes */,
				6E54BF48252EA9D2008275F3 /* s_04_07_structs */,
				6E54BF11252DB66F008275F3 /* Products */,
			);
			sourceTree = "<group>";
		};
		6E54BF11252DB66F008275F3 /* Products */ = {
			isa = PBXGroup;
			children = (
				6E54BF20252DB6AA008275F3 /* s_04_04b_an_introduction_to_std_string */,
				6E54BF2C252DC1F9008275F3 /* s_04_05_enumerated_types */,
				6E54BF39252EA721008275F3 /* s_04_05a_enum_classes */,
				6E54BF47252EA9D2008275F3 /* s_04_07_structs */,
			);
			name = Products;
			sourceTree = "<group>";
		};
		6E54BF21252DB6AA008275F3 /* s_04_04b_an_introduction_to_std_string */ = {
			isa = PBXGroup;
			children = (
				6E54BF22252DB6AA008275F3 /* main.cpp */,
			);
			path = s_04_04b_an_introduction_to_std_string;
			sourceTree = "<group>";
		};
		6E54BF2D252DC1F9008275F3 /* s_04_05_enumerated_types */ = {
			isa = PBXGroup;
			children = (
				6E54BF2E252DC1F9008275F3 /* main.cpp */,
			);
			path = s_04_05_enumerated_types;
			sourceTree = "<group>";
		};
		6E54BF3A252EA721008275F3 /* s_04_05a_enum_classes */ = {
			isa = PBXGroup;
			children = (
				6E54BF3B252EA721008275F3 /* main.cpp */,
			);
			path = s_04_05a_enum_classes;
			sourceTree = "<group>";
		};
		6E54BF48252EA9D2008275F3 /* s_04_07_structs */ = {
			isa = PBXGroup;
			children = (
				6E54BF49252EA9D2008275F3 /* main.cpp */,
			);
			path = s_04_07_structs;
			sourceTree = "<group>";
		};
/* End PBXGroup section */

/* Begin PBXNativeTarget section */
		6E54BF1F252DB6AA008275F3 /* s_04_04b_an_introduction_to_std_string */ = {
			isa = PBXNativeTarget;
			buildConfigurationList = 6E54BF24252DB6AA008275F3 /* Build configuration list for PBXNativeTarget "s_04_04b_an_introduction_to_std_string" */;
			buildPhases = (
				6E54BF1C252DB6AA008275F3 /* Sources */,
				6E54BF1D252DB6AA008275F3 /* Frameworks */,
				6E54BF1E252DB6AA008275F3 /* CopyFiles */,
			);
			buildRules = (
			);
			dependencies = (
			);
			name = s_04_04b_an_introduction_to_std_string;
			productName = s_04_04b_an_introduction_to_std_string;
			productReference = 6E54BF20252DB6AA008275F3 /* s_04_04b_an_introduction_to_std_string */;
			productType = "com.apple.product-type.tool";
		};
		6E54BF2B252DC1F9008275F3 /* s_04_05_enumerated_types */ = {
			isa = PBXNativeTarget;
			buildConfigurationList = 6E54BF30252DC1F9008275F3 /* Build configuration list for PBXNativeTarget "s_04_05_enumerated_types" */;
			buildPhases = (
				6E54BF28252DC1F9008275F3 /* Sources */,
				6E54BF29252DC1F9008275F3 /* Frameworks */,
				6E54BF2A252DC1F9008275F3 /* CopyFiles */,
			);
			buildRules = (
			);
			dependencies = (
			);
			name = s_04_05_enumerated_types;
			productName = s_04_05_enumerated_types;
			productReference = 6E54BF2C252DC1F9008275F3 /* s_04_05_enumerated_types */;
			productType = "com.apple.product-type.tool";
		};
		6E54BF38252EA721008275F3 /* s_04_05a_enum_classes */ = {
			isa = PBXNativeTarget;
			buildConfigurationList = 6E54BF3D252EA721008275F3 /* Build configuration list for PBXNativeTarget "s_04_05a_enum_classes" */;
			buildPhases = (
				6E54BF35252EA721008275F3 /* Sources */,
				6E54BF36252EA721008275F3 /* Frameworks */,
				6E54BF37252EA721008275F3 /* CopyFiles */,
			);
			buildRules = (
			);
			dependencies = (
			);
			name = s_04_05a_enum_classes;
			productName = s_04_05a_enum_classes;
			productReference = 6E54BF39252EA721008275F3 /* s_04_05a_enum_classes */;
			productType = "com.apple.product-type.tool";
		};
		6E54BF46252EA9D2008275F3 /* s_04_07_structs */ = {
			isa = PBXNativeTarget;
			buildConfigurationList = 6E54BF4B252EA9D2008275F3 /* Build configuration list for PBXNativeTarget "s_04_07_structs" */;
			buildPhases = (
				6E54BF43252EA9D2008275F3 /* Sources */,
				6E54BF44252EA9D2008275F3 /* Frameworks */,
				6E54BF45252EA9D2008275F3 /* CopyFiles */,
			);
			buildRules = (
			);
			dependencies = (
			);
			name = s_04_07_structs;
			productName = s_04_07_structs;
			productReference = 6E54BF47252EA9D2008275F3 /* s_04_07_structs */;
			productType = "com.apple.product-type.tool";
		};
/* End PBXNativeTarget section */

/* Begin PBXProject section */
		6E54BF08252DB66F008275F3 /* Project object */ = {
			isa = PBXProject;
			attributes = {
				LastUpgradeCheck = 1200;
				TargetAttributes = {
					6E54BF1F252DB6AA008275F3 = {
						CreatedOnToolsVersion = 12.0.1;
					};
					6E54BF2B252DC1F9008275F3 = {
						CreatedOnToolsVersion = 12.0.1;
					};
					6E54BF38252EA721008275F3 = {
						CreatedOnToolsVersion = 12.0.1;
					};
					6E54BF46252EA9D2008275F3 = {
						CreatedOnToolsVersion = 12.0.1;
					};
				};
			};
			buildConfigurationList = 6E54BF0B252DB66F008275F3 /* Build configuration list for PBXProject "s_04_compound_types" */;
			compatibilityVersion = "Xcode 9.3";
			developmentRegion = en;
			hasScannedForEncodings = 0;
			knownRegions = (
				en,
				Base,
			);
			mainGroup = 6E54BF07252DB66F008275F3;
			productRefGroup = 6E54BF11252DB66F008275F3 /* Products */;
			projectDirPath = "";
			projectRoot = "";
			targets = (
				6E54BF1F252DB6AA008275F3 /* s_04_04b_an_introduction_to_std_string */,
				6E54BF2B252DC1F9008275F3 /* s_04_05_enumerated_types */,
				6E54BF38252EA721008275F3 /* s_04_05a_enum_classes */,
				6E54BF46252EA9D2008275F3 /* s_04_07_structs */,
			);
		};
/* End PBXProject section */

/* Begin PBXSourcesBuildPhase section */
		6E54BF1C252DB6AA008275F3 /* Sources */ = {
			isa = PBXSourcesBuildPhase;
			buildActionMask = 2147483647;
			files = (
				6E54BF23252DB6AA008275F3 /* main.cpp in Sources */,
			);
			runOnlyForDeploymentPostprocessing = 0;
		};
		6E54BF28252DC1F9008275F3 /* Sources */ = {
			isa = PBXSourcesBuildPhase;
			buildActionMask = 2147483647;
			files = (
				6E54BF2F252DC1F9008275F3 /* main.cpp in Sources */,
			);
			runOnlyForDeploymentPostprocessing = 0;
		};
		6E54BF35252EA721008275F3 /* Sources */ = {
			isa = PBXSourcesBuildPhase;
			buildActionMask = 2147483647;
			files = (
				6E54BF3C252EA721008275F3 /* main.cpp in Sources */,
			);
			runOnlyForDeploymentPostprocessing = 0;
		};
		6E54BF43252EA9D2008275F3 /* Sources */ = {
			isa = PBXSourcesBuildPhase;
			buildActionMask = 2147483647;
			files = (
				6E54BF4A252EA9D2008275F3 /* main.cpp in Sources */,
			);
			runOnlyForDeploymentPostprocessing = 0;
		};
/* End PBXSourcesBuildPhase section */

/* Begin XCBuildConfiguration section */
		6E54BF15252DB66F008275F3 /* Debug */ = {
			isa = XCBuildConfiguration;
			buildSettings = {
				ALWAYS_SEARCH_USER_PATHS = NO;
				CLANG_ANALYZER_NONNULL = YES;
				CLANG_ANALYZER_NUMBER_OBJECT_CONVERSION = YES_AGGRESSIVE;
				CLANG_CXX_LANGUAGE_STANDARD = "gnu++14";
				CLANG_CXX_LIBRARY = "libc++";
				CLANG_ENABLE_MODULES = YES;
				CLANG_ENABLE_OBJC_ARC = YES;
				CLANG_ENABLE_OBJC_WEAK = YES;
				CLANG_WARN_BLOCK_CAPTURE_AUTORELEASING = YES;
				CLANG_WARN_BOOL_CONVERSION = YES;
				CLANG_WARN_COMMA = YES;
				CLANG_WARN_CONSTANT_CONVERSION = YES;
				CLANG_WARN_DEPRECATED_OBJC_IMPLEMENTATIONS = YES;
				CLANG_WARN_DIRECT_OBJC_ISA_USAGE = YES_ERROR;
				CLANG_WARN_DOCUMENTATION_COMMENTS = YES;
				CLANG_WARN_EMPTY_BODY = YES;
				CLANG_WARN_ENUM_CONVERSION = YES;
				CLANG_WARN_INFINITE_RECURSION = YES;
				CLANG_WARN_INT_CONVERSION = YES;
				CLANG_WARN_NON_LITERAL_NULL_CONVERSION = YES;
				CLANG_WARN_OBJC_IMPLICIT_RETAIN_SELF = YES;
				CLANG_WARN_OBJC_LITERAL_CONVERSION = YES;
				CLANG_WARN_OBJC_ROOT_CLASS = YES_ERROR;
				CLANG_WARN_QUOTED_INCLUDE_IN_FRAMEWORK_HEADER = YES;
				CLANG_WARN_RANGE_LOOP_ANALYSIS = YES;
				CLANG_WARN_STRICT_PROTOTYPES = YES;
				CLANG_WARN_SUSPICIOUS_MOVE = YES;
				CLANG_WARN_UNGUARDED_AVAILABILITY = YES_AGGRESSIVE;
				CLANG_WARN_UNREACHABLE_CODE = YES;
				CLANG_WARN__DUPLICATE_METHOD_MATCH = YES;
				COPY_PHASE_STRIP = NO;
				DEBUG_INFORMATION_FORMAT = dwarf;
				ENABLE_STRICT_OBJC_MSGSEND = YES;
				ENABLE_TESTABILITY = YES;
				GCC_C_LANGUAGE_STANDARD = gnu11;
				GCC_DYNAMIC_NO_PIC = NO;
				GCC_NO_COMMON_BLOCKS = YES;
				GCC_OPTIMIZATION_LEVEL = 0;
				GCC_PREPROCESSOR_DEFINITIONS = (
					"DEBUG=1",
					"$(inherited)",
				);
				GCC_WARN_64_TO_32_BIT_CONVERSION = YES;
				GCC_WARN_ABOUT_RETURN_TYPE = YES_ERROR;
				GCC_WARN_UNDECLARED_SELECTOR = YES;
				GCC_WARN_UNINITIALIZED_AUTOS = YES_AGGRESSIVE;
				GCC_WARN_UNUSED_FUNCTION = YES;
				GCC_WARN_UNUSED_VARIABLE = YES;
				MACOSX_DEPLOYMENT_TARGET = 10.15;
				MTL_ENABLE_DEBUG_INFO = INCLUDE_SOURCE;
				MTL_FAST_MATH = YES;
				ONLY_ACTIVE_ARCH = YES;
				SDKROOT = macosx;
			};
			name = Debug;
		};
		6E54BF16252DB66F008275F3 /* Release */ = {
			isa = XCBuildConfiguration;
			buildSettings = {
				ALWAYS_SEARCH_USER_PATHS = NO;
				CLANG_ANALYZER_NONNULL = YES;
				CLANG_ANALYZER_NUMBER_OBJECT_CONVERSION = YES_AGGRESSIVE;
				CLANG_CXX_LANGUAGE_STANDARD = "gnu++14";
				CLANG_CXX_LIBRARY = "libc++";
				CLANG_ENABLE_MODULES = YES;
				CLANG_ENABLE_OBJC_ARC = YES;
				CLANG_ENABLE_OBJC_WEAK = YES;
				CLANG_WARN_BLOCK_CAPTURE_AUTORELEASING = YES;
				CLANG_WARN_BOOL_CONVERSION = YES;
				CLANG_WARN_COMMA = YES;
				CLANG_WARN_CONSTANT_CONVERSION = YES;
				CLANG_WARN_DEPRECATED_OBJC_IMPLEMENTATIONS = YES;
				CLANG_WARN_DIRECT_OBJC_ISA_USAGE = YES_ERROR;
				CLANG_WARN_DOCUMENTATION_COMMENTS = YES;
				CLANG_WARN_EMPTY_BODY = YES;
				CLANG_WARN_ENUM_CONVERSION = YES;
				CLANG_WARN_INFINITE_RECURSION = YES;
				CLANG_WARN_INT_CONVERSION = YES;
				CLANG_WARN_NON_LITERAL_NULL_CONVERSION = YES;
				CLANG_WARN_OBJC_IMPLICIT_RETAIN_SELF = YES;
				CLANG_WARN_OBJC_LITERAL_CONVERSION = YES;
				CLANG_WARN_OBJC_ROOT_CLASS = YES_ERROR;
				CLANG_WARN_QUOTED_INCLUDE_IN_FRAMEWORK_HEADER = YES;
				CLANG_WARN_RANGE_LOOP_ANALYSIS = YES;
				CLANG_WARN_STRICT_PROTOTYPES = YES;
				CLANG_WARN_SUSPICIOUS_MOVE = YES;
				CLANG_WARN_UNGUARDED_AVAILABILITY = YES_AGGRESSIVE;
				CLANG_WARN_UNREACHABLE_CODE = YES;
				CLANG_WARN__DUPLICATE_METHOD_MATCH = YES;
				COPY_PHASE_STRIP = NO;
				DEBUG_INFORMATION_FORMAT = "dwarf-with-dsym";
				ENABLE_NS_ASSERTIONS = NO;
				ENABLE_STRICT_OBJC_MSGSEND = YES;
				GCC_C_LANGUAGE_STANDARD = gnu11;
				GCC_NO_COMMON_BLOCKS = YES;
				GCC_WARN_64_TO_32_BIT_CONVERSION = YES;
				GCC_WARN_ABOUT_RETURN_TYPE = YES_ERROR;
				GCC_WARN_UNDECLARED_SELECTOR = YES;
				GCC_WARN_UNINITIALIZED_AUTOS = YES_AGGRESSIVE;
				GCC_WARN_UNUSED_FUNCTION = YES;
				GCC_WARN_UNUSED_VARIABLE = YES;
				MACOSX_DEPLOYMENT_TARGET = 10.15;
				MTL_ENABLE_DEBUG_INFO = NO;
				MTL_FAST_MATH = YES;
				SDKROOT = macosx;
			};
			name = Release;
		};
		6E54BF25252DB6AA008275F3 /* Debug */ = {
			isa = XCBuildConfiguration;
			buildSettings = {
				CODE_SIGN_STYLE = Automatic;
				DEVELOPMENT_TEAM = 74662E86W8;
				ENABLE_HARDENED_RUNTIME = YES;
				PRODUCT_NAME = "$(TARGET_NAME)";
			};
			name = Debug;
		};
		6E54BF26252DB6AA008275F3 /* Release */ = {
			isa = XCBuildConfiguration;
			buildSettings = {
				CODE_SIGN_STYLE = Automatic;
				DEVELOPMENT_TEAM = 74662E86W8;
				ENABLE_HARDENED_RUNTIME = YES;
				PRODUCT_NAME = "$(TARGET_NAME)";
			};
			name = Release;
		};
		6E54BF31252DC1F9008275F3 /* Debug */ = {
			isa = XCBuildConfiguration;
			buildSettings = {
				CODE_SIGN_STYLE = Automatic;
				DEVELOPMENT_TEAM = 74662E86W8;
				ENABLE_HARDENED_RUNTIME = YES;
				PRODUCT_NAME = "$(TARGET_NAME)";
			};
			name = Debug;
		};
		6E54BF32252DC1F9008275F3 /* Release */ = {
			isa = XCBuildConfiguration;
			buildSettings = {
				CODE_SIGN_STYLE = Automatic;
				DEVELOPMENT_TEAM = 74662E86W8;
				ENABLE_HARDENED_RUNTIME = YES;
				PRODUCT_NAME = "$(TARGET_NAME)";
			};
			name = Release;
		};
		6E54BF3E252EA721008275F3 /* Debug */ = {
			isa = XCBuildConfiguration;
			buildSettings = {
				CODE_SIGN_STYLE = Automatic;
				DEVELOPMENT_TEAM = 74662E86W8;
				ENABLE_HARDENED_RUNTIME = YES;
				PRODUCT_NAME = "$(TARGET_NAME)";
			};
			name = Debug;
		};
		6E54BF3F252EA721008275F3 /* Release */ = {
			isa = XCBuildConfiguration;
			buildSettings = {
				CODE_SIGN_STYLE = Automatic;
				DEVELOPMENT_TEAM = 74662E86W8;
				ENABLE_HARDENED_RUNTIME = YES;
				PRODUCT_NAME = "$(TARGET_NAME)";
			};
			name = Release;
		};
		6E54BF4C252EA9D2008275F3 /* Debug */ = {
			isa = XCBuildConfiguration;
			buildSettings = {
				CODE_SIGN_STYLE = Automatic;
				DEVELOPMENT_TEAM = 74662E86W8;
				ENABLE_HARDENED_RUNTIME = YES;
				PRODUCT_NAME = "$(TARGET_NAME)";
			};
			name = Debug;
		};
		6E54BF4D252EA9D2008275F3 /* Release */ = {
			isa = XCBuildConfiguration;
			buildSettings = {
				CODE_SIGN_STYLE = Automatic;
				DEVELOPMENT_TEAM = 74662E86W8;
				ENABLE_HARDENED_RUNTIME = YES;
				PRODUCT_NAME = "$(TARGET_NAME)";
			};
			name = Release;
		};
/* End XCBuildConfiguration section */

/* Begin XCConfigurationList section */
		6E54BF0B252DB66F008275F3 /* Build configuration list for PBXProject "s_04_compound_types" */ = {
			isa = XCConfigurationList;
			buildConfigurations = (
				6E54BF15252DB66F008275F3 /* Debug */,
				6E54BF16252DB66F008275F3 /* Release */,
			);
			defaultConfigurationIsVisible = 0;
			defaultConfigurationName = Release;
		};
		6E54BF24252DB6AA008275F3 /* Build configuration list for PBXNativeTarget "s_04_04b_an_introduction_to_std_string" */ = {
			isa = XCConfigurationList;
			buildConfigurations = (
				6E54BF25252DB6AA008275F3 /* Debug */,
				6E54BF26252DB6AA008275F3 /* Release */,
			);
			defaultConfigurationIsVisible = 0;
			defaultConfigurationName = Release;
		};
		6E54BF30252DC1F9008275F3 /* Build configuration list for PBXNativeTarget "s_04_05_enumerated_types" */ = {
			isa = XCConfigurationList;
			buildConfigurations = (
				6E54BF31252DC1F9008275F3 /* Debug */,
				6E54BF32252DC1F9008275F3 /* Release */,
			);
			defaultConfigurationIsVisible = 0;
			defaultConfigurationName = Release;
		};
		6E54BF3D252EA721008275F3 /* Build configuration list for PBXNativeTarget "s_04_05a_enum_classes" */ = {
			isa = XCConfigurationList;
			buildConfigurations = (
				6E54BF3E252EA721008275F3 /* Debug */,
				6E54BF3F252EA721008275F3 /* Release */,
			);
			defaultConfigurationIsVisible = 0;
			defaultConfigurationName = Release;
		};
		6E54BF4B252EA9D2008275F3 /* Build configuration list for PBXNativeTarget "s_04_07_structs" */ = {
			isa = XCConfigurationList;
			buildConfigurations = (
				6E54BF4C252EA9D2008275F3 /* Debug */,
				6E54BF4D252EA9D2008275F3 /* Release */,
			);
			defaultConfigurationIsVisible = 0;
			defaultConfigurationName = Release;
		};
/* End XCConfigurationList section */
	};
	rootObject = 6E54BF08252DB66F008275F3 /* Project object */;
}
