// !$*UTF8*$!
{
	archiveVersion = 1;
	classes = {
	};
	objectVersion = 50;
	objects = {

/* Begin PBXBuildFile section */
		51EA7F282523883A00C3BDAC /* main.cpp in Sources */ = {isa = PBXBuildFile; fileRef = 51EA7F272523883A00C3BDAC /* main.cpp */; };
		51EA7F3A25238C1D00C3BDAC /* main.cpp in Sources */ = {isa = PBXBuildFile; fileRef = 51EA7F3925238C1C00C3BDAC /* main.cpp */; };
		6E2D98052522E93200B0153A /* main.cpp in Sources */ = {isa = PBXBuildFile; fileRef = 6E2D98042522E93200B0153A /* main.cpp */; };
		6E2F056525233AD80046D552 /* main.cpp in Sources */ = {isa = PBXBuildFile; fileRef = 6E2F056425233AD80046D552 /* main.cpp */; };
		6E3D44AB252C27A7004E448A /* main.cpp in Sources */ = {isa = PBXBuildFile; fileRef = 6E3D44AA252C27A7004E448A /* main.cpp */; };
		6E3D44C2252C3FF3004E448A /* main.cpp in Sources */ = {isa = PBXBuildFile; fileRef = 6E3D44C1252C3FF3004E448A /* main.cpp */; };
		6E3D44DA252C7394004E448A /* main.cpp in Sources */ = {isa = PBXBuildFile; fileRef = 6E3D44D9252C7394004E448A /* main.cpp */; };
		6E45042D252173AA00DAF497 /* main.cpp in Sources */ = {isa = PBXBuildFile; fileRef = 6E45042C252173AA00DAF497 /* main.cpp */; };
		6E45043A252194E100DAF497 /* main.cpp in Sources */ = {isa = PBXBuildFile; fileRef = 6E450439252194E100DAF497 /* main.cpp */; };
		6E4504472521CFEF00DAF497 /* main.cpp in Sources */ = {isa = PBXBuildFile; fileRef = 6E4504462521CFEF00DAF497 /* main.cpp */; };
		6E4504552521D92500DAF497 /* main.cpp in Sources */ = {isa = PBXBuildFile; fileRef = 6E4504542521D92500DAF497 /* main.cpp */; };
		6E609F8E253D79ED003696F9 /* main.cpp in Sources */ = {isa = PBXBuildFile; fileRef = 6E609F8D253D79ED003696F9 /* main.cpp */; };
		6E609FA8253D9DA5003696F9 /* main.cpp in Sources */ = {isa = PBXBuildFile; fileRef = 6E609FA7253D9DA5003696F9 /* main.cpp */; };
		6E609FC3253DA284003696F9 /* main.cpp in Sources */ = {isa = PBXBuildFile; fileRef = 6E609FC2253DA284003696F9 /* main.cpp */; };
		6E609FDF253DA966003696F9 /* main.cpp in Sources */ = {isa = PBXBuildFile; fileRef = 6E609FDE253DA966003696F9 /* main.cpp */; };
		6EA1472225242D47007BA1B0 /* main.cpp in Sources */ = {isa = PBXBuildFile; fileRef = 6EA1472125242D47007BA1B0 /* main.cpp */; };
		6EA147362524367C007BA1B0 /* main.cpp in Sources */ = {isa = PBXBuildFile; fileRef = 6EA147352524367C007BA1B0 /* main.cpp */; };
		6EA1474B25245DB3007BA1B0 /* main.cpp in Sources */ = {isa = PBXBuildFile; fileRef = 6EA1474A25245DB3007BA1B0 /* main.cpp */; };
/* End PBXBuildFile section */

/* Begin PBXCopyFilesBuildPhase section */
		51EA7F232523883A00C3BDAC /* CopyFiles */ = {
			isa = PBXCopyFilesBuildPhase;
			buildActionMask = 2147483647;
			dstPath = /usr/share/man/man1/;
			dstSubfolderSpec = 0;
			files = (
			);
			runOnlyForDeploymentPostprocessing = 1;
		};
		51EA7F3525238C1C00C3BDAC /* CopyFiles */ = {
			isa = PBXCopyFilesBuildPhase;
			buildActionMask = 2147483647;
			dstPath = /usr/share/man/man1/;
			dstSubfolderSpec = 0;
			files = (
			);
			runOnlyForDeploymentPostprocessing = 1;
		};
		6E2D98002522E93200B0153A /* CopyFiles */ = {
			isa = PBXCopyFilesBuildPhase;
			buildActionMask = 2147483647;
			dstPath = /usr/share/man/man1/;
			dstSubfolderSpec = 0;
			files = (
			);
			runOnlyForDeploymentPostprocessing = 1;
		};
		6E2F056025233AD80046D552 /* CopyFiles */ = {
			isa = PBXCopyFilesBuildPhase;
			buildActionMask = 2147483647;
			dstPath = /usr/share/man/man1/;
			dstSubfolderSpec = 0;
			files = (
			);
			runOnlyForDeploymentPostprocessing = 1;
		};
		6E3D44A6252C27A7004E448A /* CopyFiles */ = {
			isa = PBXCopyFilesBuildPhase;
			buildActionMask = 2147483647;
			dstPath = /usr/share/man/man1/;
			dstSubfolderSpec = 0;
			files = (
			);
			runOnlyForDeploymentPostprocessing = 1;
		};
		6E3D44BD252C3FF3004E448A /* CopyFiles */ = {
			isa = PBXCopyFilesBuildPhase;
			buildActionMask = 2147483647;
			dstPath = /usr/share/man/man1/;
			dstSubfolderSpec = 0;
			files = (
			);
			runOnlyForDeploymentPostprocessing = 1;
		};
		6E3D44D5252C7394004E448A /* CopyFiles */ = {
			isa = PBXCopyFilesBuildPhase;
			buildActionMask = 2147483647;
			dstPath = /usr/share/man/man1/;
			dstSubfolderSpec = 0;
			files = (
			);
			runOnlyForDeploymentPostprocessing = 1;
		};
		6E450428252173AA00DAF497 /* CopyFiles */ = {
			isa = PBXCopyFilesBuildPhase;
			buildActionMask = 2147483647;
			dstPath = /usr/share/man/man1/;
			dstSubfolderSpec = 0;
			files = (
			);
			runOnlyForDeploymentPostprocessing = 1;
		};
		6E450435252194E100DAF497 /* CopyFiles */ = {
			isa = PBXCopyFilesBuildPhase;
			buildActionMask = 2147483647;
			dstPath = /usr/share/man/man1/;
			dstSubfolderSpec = 0;
			files = (
			);
			runOnlyForDeploymentPostprocessing = 1;
		};
		6E4504422521CFEE00DAF497 /* CopyFiles */ = {
			isa = PBXCopyFilesBuildPhase;
			buildActionMask = 2147483647;
			dstPath = /usr/share/man/man1/;
			dstSubfolderSpec = 0;
			files = (
			);
			runOnlyForDeploymentPostprocessing = 1;
		};
		6E4504502521D92500DAF497 /* CopyFiles */ = {
			isa = PBXCopyFilesBuildPhase;
			buildActionMask = 2147483647;
			dstPath = /usr/share/man/man1/;
			dstSubfolderSpec = 0;
			files = (
			);
			runOnlyForDeploymentPostprocessing = 1;
		};
		6E609F89253D79ED003696F9 /* CopyFiles */ = {
			isa = PBXCopyFilesBuildPhase;
			buildActionMask = 2147483647;
			dstPath = /usr/share/man/man1/;
			dstSubfolderSpec = 0;
			files = (
			);
			runOnlyForDeploymentPostprocessing = 1;
		};
		6E609FA3253D9DA5003696F9 /* CopyFiles */ = {
			isa = PBXCopyFilesBuildPhase;
			buildActionMask = 2147483647;
			dstPath = /usr/share/man/man1/;
			dstSubfolderSpec = 0;
			files = (
			);
			runOnlyForDeploymentPostprocessing = 1;
		};
		6E609FBE253DA284003696F9 /* CopyFiles */ = {
			isa = PBXCopyFilesBuildPhase;
			buildActionMask = 2147483647;
			dstPath = /usr/share/man/man1/;
			dstSubfolderSpec = 0;
			files = (
			);
			runOnlyForDeploymentPostprocessing = 1;
		};
		6E609FDA253DA966003696F9 /* CopyFiles */ = {
			isa = PBXCopyFilesBuildPhase;
			buildActionMask = 2147483647;
			dstPath = /usr/share/man/man1/;
			dstSubfolderSpec = 0;
			files = (
			);
			runOnlyForDeploymentPostprocessing = 1;
		};
		6EA1471D25242D47007BA1B0 /* CopyFiles */ = {
			isa = PBXCopyFilesBuildPhase;
			buildActionMask = 2147483647;
			dstPath = /usr/share/man/man1/;
			dstSubfolderSpec = 0;
			files = (
			);
			runOnlyForDeploymentPostprocessing = 1;
		};
		6EA147312524367C007BA1B0 /* CopyFiles */ = {
			isa = PBXCopyFilesBuildPhase;
			buildActionMask = 2147483647;
			dstPath = /usr/share/man/man1/;
			dstSubfolderSpec = 0;
			files = (
			);
			runOnlyForDeploymentPostprocessing = 1;
		};
		6EA1474625245DB3007BA1B0 /* CopyFiles */ = {
			isa = PBXCopyFilesBuildPhase;
			buildActionMask = 2147483647;
			dstPath = /usr/share/man/man1/;
			dstSubfolderSpec = 0;
			files = (
			);
			runOnlyForDeploymentPostprocessing = 1;
		};
/* End PBXCopyFilesBuildPhase section */

/* Begin PBXFileReference section */
		51EA7F252523883A00C3BDAC /* 07_05_inline_function */ = {isa = PBXFileReference; explicitFileType = "compiled.mach-o.executable"; includeInIndex = 0; path = 07_05_inline_function; sourceTree = BUILT_PRODUCTS_DIR; };
		51EA7F272523883A00C3BDAC /* main.cpp */ = {isa = PBXFileReference; lastKnownFileType = sourcecode.cpp.cpp; path = main.cpp; sourceTree = "<group>"; };
		51EA7F3725238C1C00C3BDAC /* 07_06_function_overloading */ = {isa = PBXFileReference; explicitFileType = "compiled.mach-o.executable"; includeInIndex = 0; path = 07_06_function_overloading; sourceTree = BUILT_PRODUCTS_DIR; };
		51EA7F3925238C1C00C3BDAC /* main.cpp */ = {isa = PBXFileReference; lastKnownFileType = sourcecode.cpp.cpp; path = main.cpp; sourceTree = "<group>"; };
		6E2D98022522E93200B0153A /* 07_04b_returning_value_by_value_reference_and_address */ = {isa = PBXFileReference; explicitFileType = "compiled.mach-o.executable"; includeInIndex = 0; path = 07_04b_returning_value_by_value_reference_and_address; sourceTree = BUILT_PRODUCTS_DIR; };
		6E2D98042522E93200B0153A /* main.cpp */ = {isa = PBXFileReference; lastKnownFileType = sourcecode.cpp.cpp; path = main.cpp; sourceTree = "<group>"; };
		6E2F056225233AD80046D552 /* 07_04c_returning_value_by_value_reference_and_address */ = {isa = PBXFileReference; explicitFileType = "compiled.mach-o.executable"; includeInIndex = 0; path = 07_04c_returning_value_by_value_reference_and_address; sourceTree = BUILT_PRODUCTS_DIR; };
		6E2F056425233AD80046D552 /* main.cpp */ = {isa = PBXFileReference; lastKnownFileType = sourcecode.cpp.cpp; path = main.cpp; sourceTree = "<group>"; };
		6E3D44A8252C27A7004E448A /* 07_08_function_pointers_02 */ = {isa = PBXFileReference; explicitFileType = "compiled.mach-o.executable"; includeInIndex = 0; path = 07_08_function_pointers_02; sourceTree = BUILT_PRODUCTS_DIR; };
		6E3D44AA252C27A7004E448A /* main.cpp */ = {isa = PBXFileReference; lastKnownFileType = sourcecode.cpp.cpp; path = main.cpp; sourceTree = "<group>"; };
		6E3D44BF252C3FF3004E448A /* 07_08_function_pointers_03 */ = {isa = PBXFileReference; explicitFileType = "compiled.mach-o.executable"; includeInIndex = 0; path = 07_08_function_pointers_03; sourceTree = BUILT_PRODUCTS_DIR; };
		6E3D44C1252C3FF3004E448A /* main.cpp */ = {isa = PBXFileReference; lastKnownFileType = sourcecode.cpp.cpp; path = main.cpp; sourceTree = "<group>"; };
		6E3D44D7252C7394004E448A /* 07_09_the_stack_and_the_heap */ = {isa = PBXFileReference; explicitFileType = "compiled.mach-o.executable"; includeInIndex = 0; path = 07_09_the_stack_and_the_heap; sourceTree = BUILT_PRODUCTS_DIR; };
		6E3D44D9252C7394004E448A /* main.cpp */ = {isa = PBXFileReference; lastKnownFileType = sourcecode.cpp.cpp; path = main.cpp; sourceTree = "<group>"; };
		6E45042A252173AA00DAF497 /* 07_03_passing_arguments_by_value */ = {isa = PBXFileReference; explicitFileType = "compiled.mach-o.executable"; includeInIndex = 0; path = 07_03_passing_arguments_by_value; sourceTree = BUILT_PRODUCTS_DIR; };
		6E45042C252173AA00DAF497 /* main.cpp */ = {isa = PBXFileReference; lastKnownFileType = sourcecode.cpp.cpp; path = main.cpp; sourceTree = "<group>"; };
		6E450437252194E100DAF497 /* 07_04_passing_arguments_by_address */ = {isa = PBXFileReference; explicitFileType = "compiled.mach-o.executable"; includeInIndex = 0; path = 07_04_passing_arguments_by_address; sourceTree = BUILT_PRODUCTS_DIR; };
		6E450439252194E100DAF497 /* main.cpp */ = {isa = PBXFileReference; lastKnownFileType = sourcecode.cpp.cpp; path = main.cpp; sourceTree = "<group>"; };
		6E4504442521CFEE00DAF497 /* 07_04_passing_arguments_by_address_01 */ = {isa = PBXFileReference; explicitFileType = "compiled.mach-o.executable"; includeInIndex = 0; path = 07_04_passing_arguments_by_address_01; sourceTree = BUILT_PRODUCTS_DIR; };
		6E4504462521CFEF00DAF497 /* main.cpp */ = {isa = PBXFileReference; lastKnownFileType = sourcecode.cpp.cpp; path = main.cpp; sourceTree = "<group>"; };
		6E4504522521D92500DAF497 /* 07_04a_returning_values_by_value_reference_and_address */ = {isa = PBXFileReference; explicitFileType = "compiled.mach-o.executable"; includeInIndex = 0; path = 07_04a_returning_values_by_value_reference_and_address; sourceTree = BUILT_PRODUCTS_DIR; };
		6E4504542521D92500DAF497 /* main.cpp */ = {isa = PBXFileReference; lastKnownFileType = sourcecode.cpp.cpp; path = main.cpp; sourceTree = "<group>"; };
		6E609F8B253D79ED003696F9 /* 07_04_passing_argument_by_address_01 */ = {isa = PBXFileReference; explicitFileType = "compiled.mach-o.executable"; includeInIndex = 0; path = 07_04_passing_argument_by_address_01; sourceTree = BUILT_PRODUCTS_DIR; };
		6E609F8D253D79ED003696F9 /* main.cpp */ = {isa = PBXFileReference; lastKnownFileType = sourcecode.cpp.cpp; path = main.cpp; sourceTree = "<group>"; };
		6E609FA5253D9DA5003696F9 /* 07_10_std_vector_capacity_and_stack_behavior */ = {isa = PBXFileReference; explicitFileType = "compiled.mach-o.executable"; includeInIndex = 0; path = 07_10_std_vector_capacity_and_stack_behavior; sourceTree = BUILT_PRODUCTS_DIR; };
		6E609FA7253D9DA5003696F9 /* main.cpp */ = {isa = PBXFileReference; lastKnownFileType = sourcecode.cpp.cpp; path = main.cpp; sourceTree = "<group>"; };
		6E609FC0253DA284003696F9 /* 07_10_std_vector_capacity_and_stack_behavior_01 */ = {isa = PBXFileReference; explicitFileType = "compiled.mach-o.executable"; includeInIndex = 0; path = 07_10_std_vector_capacity_and_stack_behavior_01; sourceTree = BUILT_PRODUCTS_DIR; };
		6E609FC2253DA284003696F9 /* main.cpp */ = {isa = PBXFileReference; lastKnownFileType = sourcecode.cpp.cpp; path = main.cpp; sourceTree = "<group>"; };
		6E609FDC253DA966003696F9 /* 07_11_recursion */ = {isa = PBXFileReference; explicitFileType = "compiled.mach-o.executable"; includeInIndex = 0; path = 07_11_recursion; sourceTree = BUILT_PRODUCTS_DIR; };
		6E609FDE253DA966003696F9 /* main.cpp */ = {isa = PBXFileReference; lastKnownFileType = sourcecode.cpp.cpp; path = main.cpp; sourceTree = "<group>"; };
		6EA1471F25242D47007BA1B0 /* 07_07_default_arguments */ = {isa = PBXFileReference; explicitFileType = "compiled.mach-o.executable"; includeInIndex = 0; path = 07_07_default_arguments; sourceTree = BUILT_PRODUCTS_DIR; };
		6EA1472125242D47007BA1B0 /* main.cpp */ = {isa = PBXFileReference; lastKnownFileType = sourcecode.cpp.cpp; path = main.cpp; sourceTree = "<group>"; };
		6EA147332524367C007BA1B0 /* 07_08_function_pointers */ = {isa = PBXFileReference; explicitFileType = "compiled.mach-o.executable"; includeInIndex = 0; path = 07_08_function_pointers; sourceTree = BUILT_PRODUCTS_DIR; };
		6EA147352524367C007BA1B0 /* main.cpp */ = {isa = PBXFileReference; lastKnownFileType = sourcecode.cpp.cpp; path = main.cpp; sourceTree = "<group>"; };
		6EA1474825245DB3007BA1B0 /* 07_08_function_pointers_01 */ = {isa = PBXFileReference; explicitFileType = "compiled.mach-o.executable"; includeInIndex = 0; path = 07_08_function_pointers_01; sourceTree = BUILT_PRODUCTS_DIR; };
		6EA1474A25245DB3007BA1B0 /* main.cpp */ = {isa = PBXFileReference; lastKnownFileType = sourcecode.cpp.cpp; path = main.cpp; sourceTree = "<group>"; };
/* End PBXFileReference section */

/* Begin PBXFrameworksBuildPhase section */
		51EA7F222523883A00C3BDAC /* Frameworks */ = {
			isa = PBXFrameworksBuildPhase;
			buildActionMask = 2147483647;
			files = (
			);
			runOnlyForDeploymentPostprocessing = 0;
		};
		51EA7F3425238C1C00C3BDAC /* Frameworks */ = {
			isa = PBXFrameworksBuildPhase;
			buildActionMask = 2147483647;
			files = (
			);
			runOnlyForDeploymentPostprocessing = 0;
		};
		6E2D97FF2522E93200B0153A /* Frameworks */ = {
			isa = PBXFrameworksBuildPhase;
			buildActionMask = 2147483647;
			files = (
			);
			runOnlyForDeploymentPostprocessing = 0;
		};
		6E2F055F25233AD80046D552 /* Frameworks */ = {
			isa = PBXFrameworksBuildPhase;
			buildActionMask = 2147483647;
			files = (
			);
			runOnlyForDeploymentPostprocessing = 0;
		};
		6E3D44A5252C27A7004E448A /* Frameworks */ = {
			isa = PBXFrameworksBuildPhase;
			buildActionMask = 2147483647;
			files = (
			);
			runOnlyForDeploymentPostprocessing = 0;
		};
		6E3D44BC252C3FF3004E448A /* Frameworks */ = {
			isa = PBXFrameworksBuildPhase;
			buildActionMask = 2147483647;
			files = (
			);
			runOnlyForDeploymentPostprocessing = 0;
		};
		6E3D44D4252C7394004E448A /* Frameworks */ = {
			isa = PBXFrameworksBuildPhase;
			buildActionMask = 2147483647;
			files = (
			);
			runOnlyForDeploymentPostprocessing = 0;
		};
		6E450427252173AA00DAF497 /* Frameworks */ = {
			isa = PBXFrameworksBuildPhase;
			buildActionMask = 2147483647;
			files = (
			);
			runOnlyForDeploymentPostprocessing = 0;
		};
		6E450434252194E100DAF497 /* Frameworks */ = {
			isa = PBXFrameworksBuildPhase;
			buildActionMask = 2147483647;
			files = (
			);
			runOnlyForDeploymentPostprocessing = 0;
		};
		6E4504412521CFEE00DAF497 /* Frameworks */ = {
			isa = PBXFrameworksBuildPhase;
			buildActionMask = 2147483647;
			files = (
			);
			runOnlyForDeploymentPostprocessing = 0;
		};
		6E45044F2521D92500DAF497 /* Frameworks */ = {
			isa = PBXFrameworksBuildPhase;
			buildActionMask = 2147483647;
			files = (
			);
			runOnlyForDeploymentPostprocessing = 0;
		};
		6E609F88253D79ED003696F9 /* Frameworks */ = {
			isa = PBXFrameworksBuildPhase;
			buildActionMask = 2147483647;
			files = (
			);
			runOnlyForDeploymentPostprocessing = 0;
		};
		6E609FA2253D9DA5003696F9 /* Frameworks */ = {
			isa = PBXFrameworksBuildPhase;
			buildActionMask = 2147483647;
			files = (
			);
			runOnlyForDeploymentPostprocessing = 0;
		};
		6E609FBD253DA284003696F9 /* Frameworks */ = {
			isa = PBXFrameworksBuildPhase;
			buildActionMask = 2147483647;
			files = (
			);
			runOnlyForDeploymentPostprocessing = 0;
		};
		6E609FD9253DA966003696F9 /* Frameworks */ = {
			isa = PBXFrameworksBuildPhase;
			buildActionMask = 2147483647;
			files = (
			);
			runOnlyForDeploymentPostprocessing = 0;
		};
		6EA1471C25242D47007BA1B0 /* Frameworks */ = {
			isa = PBXFrameworksBuildPhase;
			buildActionMask = 2147483647;
			files = (
			);
			runOnlyForDeploymentPostprocessing = 0;
		};
		6EA147302524367C007BA1B0 /* Frameworks */ = {
			isa = PBXFrameworksBuildPhase;
			buildActionMask = 2147483647;
			files = (
			);
			runOnlyForDeploymentPostprocessing = 0;
		};
		6EA1474525245DB3007BA1B0 /* Frameworks */ = {
			isa = PBXFrameworksBuildPhase;
			buildActionMask = 2147483647;
			files = (
			);
			runOnlyForDeploymentPostprocessing = 0;
		};
/* End PBXFrameworksBuildPhase section */

/* Begin PBXGroup section */
		51EA7F262523883A00C3BDAC /* 07_05_inline_function */ = {
			isa = PBXGroup;
			children = (
				51EA7F272523883A00C3BDAC /* main.cpp */,
			);
			path = 07_05_inline_function;
			sourceTree = "<group>";
		};
		51EA7F3825238C1C00C3BDAC /* 07_06_function_overloading */ = {
			isa = PBXGroup;
			children = (
				51EA7F3925238C1C00C3BDAC /* main.cpp */,
			);
			path = 07_06_function_overloading;
			sourceTree = "<group>";
		};
		6E2D98032522E93200B0153A /* 07_04b_returning_value_by_value_reference_and_address */ = {
			isa = PBXGroup;
			children = (
				6E2D98042522E93200B0153A /* main.cpp */,
			);
			path = 07_04b_returning_value_by_value_reference_and_address;
			sourceTree = "<group>";
		};
		6E2F056325233AD80046D552 /* 07_04c_returning_value_by_value_reference_and_address */ = {
			isa = PBXGroup;
			children = (
				6E2F056425233AD80046D552 /* main.cpp */,
			);
			path = 07_04c_returning_value_by_value_reference_and_address;
			sourceTree = "<group>";
		};
		6E3D44A9252C27A7004E448A /* 07_08_function_pointers_02 */ = {
			isa = PBXGroup;
			children = (
				6E3D44AA252C27A7004E448A /* main.cpp */,
			);
			path = 07_08_function_pointers_02;
			sourceTree = "<group>";
		};
		6E3D44C0252C3FF3004E448A /* 07_08_function_pointers_03 */ = {
			isa = PBXGroup;
			children = (
				6E3D44C1252C3FF3004E448A /* main.cpp */,
			);
			path = 07_08_function_pointers_03;
			sourceTree = "<group>";
		};
		6E3D44D8252C7394004E448A /* 07_09_the_stack_and_the_heap */ = {
			isa = PBXGroup;
			children = (
				6E3D44D9252C7394004E448A /* main.cpp */,
			);
			path = 07_09_the_stack_and_the_heap;
			sourceTree = "<group>";
		};
		6E450411252172A700DAF497 = {
			isa = PBXGroup;
			children = (
				6E45042B252173AA00DAF497 /* 07_03_passing_arguments_by_reference */,
				6E450438252194E100DAF497 /* 07_04_passing_arguments_by_address */,
				6E4504452521CFEF00DAF497 /* 07_04_passing_arguments_by_address_01 */,
				6E4504532521D92500DAF497 /* 07_04a_returning_values_by_value_reference_and_address */,
				6E2D98032522E93200B0153A /* 07_04b_returning_value_by_value_reference_and_address */,
				6E2F056325233AD80046D552 /* 07_04c_returning_value_by_value_reference_and_address */,
				51EA7F262523883A00C3BDAC /* 07_05_inline_function */,
				51EA7F3825238C1C00C3BDAC /* 07_06_function_overloading */,
				6EA1472025242D47007BA1B0 /* 07_07_default_arguments */,
				6EA147342524367C007BA1B0 /* 07_08_function_pointers */,
				6EA1474925245DB3007BA1B0 /* 07_08_function_pointers_01 */,
				6E3D44A9252C27A7004E448A /* 07_08_function_pointers_02 */,
				6E3D44C0252C3FF3004E448A /* 07_08_function_pointers_03 */,
				6E3D44D8252C7394004E448A /* 07_09_the_stack_and_the_heap */,
				6E609F8C253D79ED003696F9 /* 07_04_passing_argument_by_address_01 */,
				6E609FA6253D9DA5003696F9 /* 07_10_std_vector_capacity_and_stack_behavior */,
				6E609FC1253DA284003696F9 /* 07_10_std_vector_capacity_and_stack_behavior_01 */,
				6E609FDD253DA966003696F9 /* 07_11_recursion */,
				6E45041B252172A700DAF497 /* Products */,
			);
			sourceTree = "<group>";
		};
		6E45041B252172A700DAF497 /* Products */ = {
			isa = PBXGroup;
			children = (
				6E45042A252173AA00DAF497 /* 07_03_passing_arguments_by_value */,
				6E450437252194E100DAF497 /* 07_04_passing_arguments_by_address */,
				6E4504442521CFEE00DAF497 /* 07_04_passing_arguments_by_address_01 */,
				6E4504522521D92500DAF497 /* 07_04a_returning_values_by_value_reference_and_address */,
				6E2D98022522E93200B0153A /* 07_04b_returning_value_by_value_reference_and_address */,
				6E2F056225233AD80046D552 /* 07_04c_returning_value_by_value_reference_and_address */,
				51EA7F252523883A00C3BDAC /* 07_05_inline_function */,
				51EA7F3725238C1C00C3BDAC /* 07_06_function_overloading */,
				6EA1471F25242D47007BA1B0 /* 07_07_default_arguments */,
				6EA147332524367C007BA1B0 /* 07_08_function_pointers */,
				6EA1474825245DB3007BA1B0 /* 07_08_function_pointers_01 */,
				6E3D44A8252C27A7004E448A /* 07_08_function_pointers_02 */,
				6E3D44BF252C3FF3004E448A /* 07_08_function_pointers_03 */,
				6E3D44D7252C7394004E448A /* 07_09_the_stack_and_the_heap */,
				6E609F8B253D79ED003696F9 /* 07_04_passing_argument_by_address_01 */,
				6E609FA5253D9DA5003696F9 /* 07_10_std_vector_capacity_and_stack_behavior */,
				6E609FC0253DA284003696F9 /* 07_10_std_vector_capacity_and_stack_behavior_01 */,
				6E609FDC253DA966003696F9 /* 07_11_recursion */,
			);
			name = Products;
			sourceTree = "<group>";
		};
		6E45042B252173AA00DAF497 /* 07_03_passing_arguments_by_reference */ = {
			isa = PBXGroup;
			children = (
				6E45042C252173AA00DAF497 /* main.cpp */,
			);
			path = 07_03_passing_arguments_by_reference;
			sourceTree = "<group>";
		};
		6E450438252194E100DAF497 /* 07_04_passing_arguments_by_address */ = {
			isa = PBXGroup;
			children = (
				6E450439252194E100DAF497 /* main.cpp */,
			);
			path = 07_04_passing_arguments_by_address;
			sourceTree = "<group>";
		};
		6E4504452521CFEF00DAF497 /* 07_04_passing_arguments_by_address_01 */ = {
			isa = PBXGroup;
			children = (
				6E4504462521CFEF00DAF497 /* main.cpp */,
			);
			path = 07_04_passing_arguments_by_address_01;
			sourceTree = "<group>";
		};
		6E4504532521D92500DAF497 /* 07_04a_returning_values_by_value_reference_and_address */ = {
			isa = PBXGroup;
			children = (
				6E4504542521D92500DAF497 /* main.cpp */,
			);
			path = 07_04a_returning_values_by_value_reference_and_address;
			sourceTree = "<group>";
		};
		6E609F8C253D79ED003696F9 /* 07_04_passing_argument_by_address_01 */ = {
			isa = PBXGroup;
			children = (
				6E609F8D253D79ED003696F9 /* main.cpp */,
			);
			path = 07_04_passing_argument_by_address_01;
			sourceTree = "<group>";
		};
		6E609FA6253D9DA5003696F9 /* 07_10_std_vector_capacity_and_stack_behavior */ = {
			isa = PBXGroup;
			children = (
				6E609FA7253D9DA5003696F9 /* main.cpp */,
			);
			path = 07_10_std_vector_capacity_and_stack_behavior;
			sourceTree = "<group>";
		};
		6E609FC1253DA284003696F9 /* 07_10_std_vector_capacity_and_stack_behavior_01 */ = {
			isa = PBXGroup;
			children = (
				6E609FC2253DA284003696F9 /* main.cpp */,
			);
			path = 07_10_std_vector_capacity_and_stack_behavior_01;
			sourceTree = "<group>";
		};
		6E609FDD253DA966003696F9 /* 07_11_recursion */ = {
			isa = PBXGroup;
			children = (
				6E609FDE253DA966003696F9 /* main.cpp */,
			);
			path = 07_11_recursion;
			sourceTree = "<group>";
		};
		6EA1472025242D47007BA1B0 /* 07_07_default_arguments */ = {
			isa = PBXGroup;
			children = (
				6EA1472125242D47007BA1B0 /* main.cpp */,
			);
			path = 07_07_default_arguments;
			sourceTree = "<group>";
		};
		6EA147342524367C007BA1B0 /* 07_08_function_pointers */ = {
			isa = PBXGroup;
			children = (
				6EA147352524367C007BA1B0 /* main.cpp */,
			);
			path = 07_08_function_pointers;
			sourceTree = "<group>";
		};
		6EA1474925245DB3007BA1B0 /* 07_08_function_pointers_01 */ = {
			isa = PBXGroup;
			children = (
				6EA1474A25245DB3007BA1B0 /* main.cpp */,
			);
			path = 07_08_function_pointers_01;
			sourceTree = "<group>";
		};
/* End PBXGroup section */

/* Begin PBXNativeTarget section */
		51EA7F242523883A00C3BDAC /* 07_05_inline_function */ = {
			isa = PBXNativeTarget;
			buildConfigurationList = 51EA7F2B2523883A00C3BDAC /* Build configuration list for PBXNativeTarget "07_05_inline_function" */;
			buildPhases = (
				51EA7F212523883A00C3BDAC /* Sources */,
				51EA7F222523883A00C3BDAC /* Frameworks */,
				51EA7F232523883A00C3BDAC /* CopyFiles */,
			);
			buildRules = (
			);
			dependencies = (
			);
			name = 07_05_inline_function;
			productName = 07_05_inline_function;
			productReference = 51EA7F252523883A00C3BDAC /* 07_05_inline_function */;
			productType = "com.apple.product-type.tool";
		};
		51EA7F3625238C1C00C3BDAC /* 07_06_function_overloading */ = {
			isa = PBXNativeTarget;
			buildConfigurationList = 51EA7F3B25238C1D00C3BDAC /* Build configuration list for PBXNativeTarget "07_06_function_overloading" */;
			buildPhases = (
				51EA7F3325238C1C00C3BDAC /* Sources */,
				51EA7F3425238C1C00C3BDAC /* Frameworks */,
				51EA7F3525238C1C00C3BDAC /* CopyFiles */,
			);
			buildRules = (
			);
			dependencies = (
			);
			name = 07_06_function_overloading;
			productName = 07_06_function_overloading;
			productReference = 51EA7F3725238C1C00C3BDAC /* 07_06_function_overloading */;
			productType = "com.apple.product-type.tool";
		};
		6E2D98012522E93200B0153A /* 07_04b_returning_value_by_value_reference_and_address */ = {
			isa = PBXNativeTarget;
			buildConfigurationList = 6E2D98082522E93200B0153A /* Build configuration list for PBXNativeTarget "07_04b_returning_value_by_value_reference_and_address" */;
			buildPhases = (
				6E2D97FE2522E93200B0153A /* Sources */,
				6E2D97FF2522E93200B0153A /* Frameworks */,
				6E2D98002522E93200B0153A /* CopyFiles */,
			);
			buildRules = (
			);
			dependencies = (
			);
			name = 07_04b_returning_value_by_value_reference_and_address;
			productName = 07_04b_returning_value_by_value_reference_and_address;
			productReference = 6E2D98022522E93200B0153A /* 07_04b_returning_value_by_value_reference_and_address */;
			productType = "com.apple.product-type.tool";
		};
		6E2F056125233AD80046D552 /* 07_04c_returning_value_by_value_reference_and_address */ = {
			isa = PBXNativeTarget;
			buildConfigurationList = 6E2F056825233AD80046D552 /* Build configuration list for PBXNativeTarget "07_04c_returning_value_by_value_reference_and_address" */;
			buildPhases = (
				6E2F055E25233AD80046D552 /* Sources */,
				6E2F055F25233AD80046D552 /* Frameworks */,
				6E2F056025233AD80046D552 /* CopyFiles */,
			);
			buildRules = (
			);
			dependencies = (
			);
			name = 07_04c_returning_value_by_value_reference_and_address;
			productName = 07_04c_returning_value_by_value_reference_and_address;
			productReference = 6E2F056225233AD80046D552 /* 07_04c_returning_value_by_value_reference_and_address */;
			productType = "com.apple.product-type.tool";
		};
		6E3D44A7252C27A7004E448A /* 07_08_function_pointers_02 */ = {
			isa = PBXNativeTarget;
			buildConfigurationList = 6E3D44AE252C27A7004E448A /* Build configuration list for PBXNativeTarget "07_08_function_pointers_02" */;
			buildPhases = (
				6E3D44A4252C27A7004E448A /* Sources */,
				6E3D44A5252C27A7004E448A /* Frameworks */,
				6E3D44A6252C27A7004E448A /* CopyFiles */,
			);
			buildRules = (
			);
			dependencies = (
			);
			name = 07_08_function_pointers_02;
			productName = 07_08_function_pointers_02;
			productReference = 6E3D44A8252C27A7004E448A /* 07_08_function_pointers_02 */;
			productType = "com.apple.product-type.tool";
		};
		6E3D44BE252C3FF3004E448A /* 07_08_function_pointers_03 */ = {
			isa = PBXNativeTarget;
			buildConfigurationList = 6E3D44C3252C3FF3004E448A /* Build configuration list for PBXNativeTarget "07_08_function_pointers_03" */;
			buildPhases = (
				6E3D44BB252C3FF3004E448A /* Sources */,
				6E3D44BC252C3FF3004E448A /* Frameworks */,
				6E3D44BD252C3FF3004E448A /* CopyFiles */,
			);
			buildRules = (
			);
			dependencies = (
			);
			name = 07_08_function_pointers_03;
			productName = 07_08_function_pointers_03;
			productReference = 6E3D44BF252C3FF3004E448A /* 07_08_function_pointers_03 */;
			productType = "com.apple.product-type.tool";
		};
		6E3D44D6252C7394004E448A /* 07_09_the_stack_and_the_heap */ = {
			isa = PBXNativeTarget;
			buildConfigurationList = 6E3D44DB252C7394004E448A /* Build configuration list for PBXNativeTarget "07_09_the_stack_and_the_heap" */;
			buildPhases = (
				6E3D44D3252C7394004E448A /* Sources */,
				6E3D44D4252C7394004E448A /* Frameworks */,
				6E3D44D5252C7394004E448A /* CopyFiles */,
			);
			buildRules = (
			);
			dependencies = (
			);
			name = 07_09_the_stack_and_the_heap;
			productName = 07_09_the_stack_and_the_heap;
			productReference = 6E3D44D7252C7394004E448A /* 07_09_the_stack_and_the_heap */;
			productType = "com.apple.product-type.tool";
		};
		6E450429252173AA00DAF497 /* 07_03_passing_arguments_by_value */ = {
			isa = PBXNativeTarget;
			buildConfigurationList = 6E45042E252173AA00DAF497 /* Build configuration list for PBXNativeTarget "07_03_passing_arguments_by_value" */;
			buildPhases = (
				6E450426252173AA00DAF497 /* Sources */,
				6E450427252173AA00DAF497 /* Frameworks */,
				6E450428252173AA00DAF497 /* CopyFiles */,
			);
			buildRules = (
			);
			dependencies = (
			);
			name = 07_03_passing_arguments_by_value;
			productName = 07_03_passing_arguments_by_value;
			productReference = 6E45042A252173AA00DAF497 /* 07_03_passing_arguments_by_value */;
			productType = "com.apple.product-type.tool";
		};
		6E450436252194E100DAF497 /* 07_04_passing_arguments_by_address */ = {
			isa = PBXNativeTarget;
			buildConfigurationList = 6E45043B252194E100DAF497 /* Build configuration list for PBXNativeTarget "07_04_passing_arguments_by_address" */;
			buildPhases = (
				6E450433252194E100DAF497 /* Sources */,
				6E450434252194E100DAF497 /* Frameworks */,
				6E450435252194E100DAF497 /* CopyFiles */,
			);
			buildRules = (
			);
			dependencies = (
			);
			name = 07_04_passing_arguments_by_address;
			productName = 07_04_passing_arguments_by_address;
			productReference = 6E450437252194E100DAF497 /* 07_04_passing_arguments_by_address */;
			productType = "com.apple.product-type.tool";
		};
		6E4504432521CFEE00DAF497 /* 07_04_passing_arguments_by_address_01 */ = {
			isa = PBXNativeTarget;
			buildConfigurationList = 6E45044A2521CFEF00DAF497 /* Build configuration list for PBXNativeTarget "07_04_passing_arguments_by_address_01" */;
			buildPhases = (
				6E4504402521CFEE00DAF497 /* Sources */,
				6E4504412521CFEE00DAF497 /* Frameworks */,
				6E4504422521CFEE00DAF497 /* CopyFiles */,
			);
			buildRules = (
			);
			dependencies = (
			);
			name = 07_04_passing_arguments_by_address_01;
			productName = 07_04_passing_arguments_by_address_01;
			productReference = 6E4504442521CFEE00DAF497 /* 07_04_passing_arguments_by_address_01 */;
			productType = "com.apple.product-type.tool";
		};
		6E4504512521D92500DAF497 /* 07_04a_returning_values_by_value_reference_and_address */ = {
			isa = PBXNativeTarget;
			buildConfigurationList = 6E4504562521D92500DAF497 /* Build configuration list for PBXNativeTarget "07_04a_returning_values_by_value_reference_and_address" */;
			buildPhases = (
				6E45044E2521D92500DAF497 /* Sources */,
				6E45044F2521D92500DAF497 /* Frameworks */,
				6E4504502521D92500DAF497 /* CopyFiles */,
			);
			buildRules = (
			);
			dependencies = (
			);
			name = 07_04a_returning_values_by_value_reference_and_address;
			productName = 07_05_returning_values_by_value_reference_and_address;
			productReference = 6E4504522521D92500DAF497 /* 07_04a_returning_values_by_value_reference_and_address */;
			productType = "com.apple.product-type.tool";
		};
		6E609F8A253D79ED003696F9 /* 07_04_passing_argument_by_address_01 */ = {
			isa = PBXNativeTarget;
			buildConfigurationList = 6E609F91253D79ED003696F9 /* Build configuration list for PBXNativeTarget "07_04_passing_argument_by_address_01" */;
			buildPhases = (
				6E609F87253D79ED003696F9 /* Sources */,
				6E609F88253D79ED003696F9 /* Frameworks */,
				6E609F89253D79ED003696F9 /* CopyFiles */,
			);
			buildRules = (
			);
			dependencies = (
			);
			name = 07_04_passing_argument_by_address_01;
			productName = 07_04_passing_argument_by_address_01;
			productReference = 6E609F8B253D79ED003696F9 /* 07_04_passing_argument_by_address_01 */;
			productType = "com.apple.product-type.tool";
		};
		6E609FA4253D9DA5003696F9 /* 07_10_std_vector_capacity_and_stack_behavior */ = {
			isa = PBXNativeTarget;
			buildConfigurationList = 6E609FA9253D9DA5003696F9 /* Build configuration list for PBXNativeTarget "07_10_std_vector_capacity_and_stack_behavior" */;
			buildPhases = (
				6E609FA1253D9DA5003696F9 /* Sources */,
				6E609FA2253D9DA5003696F9 /* Frameworks */,
				6E609FA3253D9DA5003696F9 /* CopyFiles */,
			);
			buildRules = (
			);
			dependencies = (
			);
			name = 07_10_std_vector_capacity_and_stack_behavior;
			productName = 07_10_std_vector_capacity_and_stack_behavior;
			productReference = 6E609FA5253D9DA5003696F9 /* 07_10_std_vector_capacity_and_stack_behavior */;
			productType = "com.apple.product-type.tool";
		};
		6E609FBF253DA284003696F9 /* 07_10_std_vector_capacity_and_stack_behavior_01 */ = {
			isa = PBXNativeTarget;
			buildConfigurationList = 6E609FC4253DA284003696F9 /* Build configuration list for PBXNativeTarget "07_10_std_vector_capacity_and_stack_behavior_01" */;
			buildPhases = (
				6E609FBC253DA284003696F9 /* Sources */,
				6E609FBD253DA284003696F9 /* Frameworks */,
				6E609FBE253DA284003696F9 /* CopyFiles */,
			);
			buildRules = (
			);
			dependencies = (
			);
			name = 07_10_std_vector_capacity_and_stack_behavior_01;
			productName = 07_10_std_vector_capacity_and_stack_behavior_01;
			productReference = 6E609FC0253DA284003696F9 /* 07_10_std_vector_capacity_and_stack_behavior_01 */;
			productType = "com.apple.product-type.tool";
		};
		6E609FDB253DA966003696F9 /* 07_11_recursion */ = {
			isa = PBXNativeTarget;
			buildConfigurationList = 6E609FE0253DA966003696F9 /* Build configuration list for PBXNativeTarget "07_11_recursion" */;
			buildPhases = (
				6E609FD8253DA966003696F9 /* Sources */,
				6E609FD9253DA966003696F9 /* Frameworks */,
				6E609FDA253DA966003696F9 /* CopyFiles */,
			);
			buildRules = (
			);
			dependencies = (
			);
			name = 07_11_recursion;
			productName = 07_11_recursion;
			productReference = 6E609FDC253DA966003696F9 /* 07_11_recursion */;
			productType = "com.apple.product-type.tool";
		};
		6EA1471E25242D47007BA1B0 /* 07_07_default_arguments */ = {
			isa = PBXNativeTarget;
			buildConfigurationList = 6EA1472525242D47007BA1B0 /* Build configuration list for PBXNativeTarget "07_07_default_arguments" */;
			buildPhases = (
				6EA1471B25242D47007BA1B0 /* Sources */,
				6EA1471C25242D47007BA1B0 /* Frameworks */,
				6EA1471D25242D47007BA1B0 /* CopyFiles */,
			);
			buildRules = (
			);
			dependencies = (
			);
			name = 07_07_default_arguments;
			productName = 07_07_default_arguments;
			productReference = 6EA1471F25242D47007BA1B0 /* 07_07_default_arguments */;
			productType = "com.apple.product-type.tool";
		};
		6EA147322524367C007BA1B0 /* 07_08_function_pointers */ = {
			isa = PBXNativeTarget;
			buildConfigurationList = 6EA147372524367C007BA1B0 /* Build configuration list for PBXNativeTarget "07_08_function_pointers" */;
			buildPhases = (
				6EA1472F2524367C007BA1B0 /* Sources */,
				6EA147302524367C007BA1B0 /* Frameworks */,
				6EA147312524367C007BA1B0 /* CopyFiles */,
			);
			buildRules = (
			);
			dependencies = (
			);
			name = 07_08_function_pointers;
			productName = 07_08_function_pointers;
			productReference = 6EA147332524367C007BA1B0 /* 07_08_function_pointers */;
			productType = "com.apple.product-type.tool";
		};
		6EA1474725245DB3007BA1B0 /* 07_08_function_pointers_01 */ = {
			isa = PBXNativeTarget;
			buildConfigurationList = 6EA1474C25245DB3007BA1B0 /* Build configuration list for PBXNativeTarget "07_08_function_pointers_01" */;
			buildPhases = (
				6EA1474425245DB3007BA1B0 /* Sources */,
				6EA1474525245DB3007BA1B0 /* Frameworks */,
				6EA1474625245DB3007BA1B0 /* CopyFiles */,
			);
			buildRules = (
			);
			dependencies = (
			);
			name = 07_08_function_pointers_01;
			productName = 07_08_function_pointers_01;
			productReference = 6EA1474825245DB3007BA1B0 /* 07_08_function_pointers_01 */;
			productType = "com.apple.product-type.tool";
		};
/* End PBXNativeTarget section */

/* Begin PBXProject section */
		6E450412252172A700DAF497 /* Project object */ = {
			isa = PBXProject;
			attributes = {
				LastUpgradeCheck = 1200;
				TargetAttributes = {
					51EA7F242523883A00C3BDAC = {
						CreatedOnToolsVersion = 12.0.1;
					};
					51EA7F3625238C1C00C3BDAC = {
						CreatedOnToolsVersion = 12.0.1;
					};
					6E2D98012522E93200B0153A = {
						CreatedOnToolsVersion = 12.0.1;
					};
					6E2F056125233AD80046D552 = {
						CreatedOnToolsVersion = 12.0.1;
					};
					6E3D44A7252C27A7004E448A = {
						CreatedOnToolsVersion = 12.0.1;
					};
					6E3D44BE252C3FF3004E448A = {
						CreatedOnToolsVersion = 12.0.1;
					};
					6E3D44D6252C7394004E448A = {
						CreatedOnToolsVersion = 12.0.1;
					};
					6E450429252173AA00DAF497 = {
						CreatedOnToolsVersion = 12.0.1;
					};
					6E450436252194E100DAF497 = {
						CreatedOnToolsVersion = 12.0.1;
					};
					6E4504432521CFEE00DAF497 = {
						CreatedOnToolsVersion = 12.0.1;
					};
					6E4504512521D92500DAF497 = {
						CreatedOnToolsVersion = 12.0.1;
					};
					6E609F8A253D79ED003696F9 = {
						CreatedOnToolsVersion = 12.0.1;
					};
					6E609FA4253D9DA5003696F9 = {
						CreatedOnToolsVersion = 12.0.1;
					};
					6E609FBF253DA284003696F9 = {
						CreatedOnToolsVersion = 12.0.1;
					};
					6E609FDB253DA966003696F9 = {
						CreatedOnToolsVersion = 12.0.1;
					};
					6EA1471E25242D47007BA1B0 = {
						CreatedOnToolsVersion = 12.0.1;
					};
					6EA147322524367C007BA1B0 = {
						CreatedOnToolsVersion = 12.0.1;
					};
					6EA1474725245DB3007BA1B0 = {
						CreatedOnToolsVersion = 12.0.1;
					};
				};
			};
			buildConfigurationList = 6E450415252172A700DAF497 /* Build configuration list for PBXProject "07_Functions" */;
			compatibilityVersion = "Xcode 9.3";
			developmentRegion = en;
			hasScannedForEncodings = 0;
			knownRegions = (
				en,
				Base,
			);
			mainGroup = 6E450411252172A700DAF497;
			productRefGroup = 6E45041B252172A700DAF497 /* Products */;
			projectDirPath = "";
			projectRoot = "";
			targets = (
				6E450429252173AA00DAF497 /* 07_03_passing_arguments_by_value */,
				6E450436252194E100DAF497 /* 07_04_passing_arguments_by_address */,
				6E4504432521CFEE00DAF497 /* 07_04_passing_arguments_by_address_01 */,
				6E4504512521D92500DAF497 /* 07_04a_returning_values_by_value_reference_and_address */,
				6E2D98012522E93200B0153A /* 07_04b_returning_value_by_value_reference_and_address */,
				6E2F056125233AD80046D552 /* 07_04c_returning_value_by_value_reference_and_address */,
				51EA7F242523883A00C3BDAC /* 07_05_inline_function */,
				51EA7F3625238C1C00C3BDAC /* 07_06_function_overloading */,
				6EA1471E25242D47007BA1B0 /* 07_07_default_arguments */,
				6EA147322524367C007BA1B0 /* 07_08_function_pointers */,
				6EA1474725245DB3007BA1B0 /* 07_08_function_pointers_01 */,
				6E3D44A7252C27A7004E448A /* 07_08_function_pointers_02 */,
				6E3D44BE252C3FF3004E448A /* 07_08_function_pointers_03 */,
				6E3D44D6252C7394004E448A /* 07_09_the_stack_and_the_heap */,
				6E609F8A253D79ED003696F9 /* 07_04_passing_argument_by_address_01 */,
				6E609FA4253D9DA5003696F9 /* 07_10_std_vector_capacity_and_stack_behavior */,
				6E609FBF253DA284003696F9 /* 07_10_std_vector_capacity_and_stack_behavior_01 */,
				6E609FDB253DA966003696F9 /* 07_11_recursion */,
			);
		};
/* End PBXProject section */

/* Begin PBXSourcesBuildPhase section */
		51EA7F212523883A00C3BDAC /* Sources */ = {
			isa = PBXSourcesBuildPhase;
			buildActionMask = 2147483647;
			files = (
				51EA7F282523883A00C3BDAC /* main.cpp in Sources */,
			);
			runOnlyForDeploymentPostprocessing = 0;
		};
		51EA7F3325238C1C00C3BDAC /* Sources */ = {
			isa = PBXSourcesBuildPhase;
			buildActionMask = 2147483647;
			files = (
				51EA7F3A25238C1D00C3BDAC /* main.cpp in Sources */,
			);
			runOnlyForDeploymentPostprocessing = 0;
		};
		6E2D97FE2522E93200B0153A /* Sources */ = {
			isa = PBXSourcesBuildPhase;
			buildActionMask = 2147483647;
			files = (
				6E2D98052522E93200B0153A /* main.cpp in Sources */,
			);
			runOnlyForDeploymentPostprocessing = 0;
		};
		6E2F055E25233AD80046D552 /* Sources */ = {
			isa = PBXSourcesBuildPhase;
			buildActionMask = 2147483647;
			files = (
				6E2F056525233AD80046D552 /* main.cpp in Sources */,
			);
			runOnlyForDeploymentPostprocessing = 0;
		};
		6E3D44A4252C27A7004E448A /* Sources */ = {
			isa = PBXSourcesBuildPhase;
			buildActionMask = 2147483647;
			files = (
				6E3D44AB252C27A7004E448A /* main.cpp in Sources */,
			);
			runOnlyForDeploymentPostprocessing = 0;
		};
		6E3D44BB252C3FF3004E448A /* Sources */ = {
			isa = PBXSourcesBuildPhase;
			buildActionMask = 2147483647;
			files = (
				6E3D44C2252C3FF3004E448A /* main.cpp in Sources */,
			);
			runOnlyForDeploymentPostprocessing = 0;
		};
		6E3D44D3252C7394004E448A /* Sources */ = {
			isa = PBXSourcesBuildPhase;
			buildActionMask = 2147483647;
			files = (
				6E3D44DA252C7394004E448A /* main.cpp in Sources */,
			);
			runOnlyForDeploymentPostprocessing = 0;
		};
		6E450426252173AA00DAF497 /* Sources */ = {
			isa = PBXSourcesBuildPhase;
			buildActionMask = 2147483647;
			files = (
				6E45042D252173AA00DAF497 /* main.cpp in Sources */,
			);
			runOnlyForDeploymentPostprocessing = 0;
		};
		6E450433252194E100DAF497 /* Sources */ = {
			isa = PBXSourcesBuildPhase;
			buildActionMask = 2147483647;
			files = (
				6E45043A252194E100DAF497 /* main.cpp in Sources */,
			);
			runOnlyForDeploymentPostprocessing = 0;
		};
		6E4504402521CFEE00DAF497 /* Sources */ = {
			isa = PBXSourcesBuildPhase;
			buildActionMask = 2147483647;
			files = (
				6E4504472521CFEF00DAF497 /* main.cpp in Sources */,
			);
			runOnlyForDeploymentPostprocessing = 0;
		};
		6E45044E2521D92500DAF497 /* Sources */ = {
			isa = PBXSourcesBuildPhase;
			buildActionMask = 2147483647;
			files = (
				6E4504552521D92500DAF497 /* main.cpp in Sources */,
			);
			runOnlyForDeploymentPostprocessing = 0;
		};
		6E609F87253D79ED003696F9 /* Sources */ = {
			isa = PBXSourcesBuildPhase;
			buildActionMask = 2147483647;
			files = (
				6E609F8E253D79ED003696F9 /* main.cpp in Sources */,
			);
			runOnlyForDeploymentPostprocessing = 0;
		};
		6E609FA1253D9DA5003696F9 /* Sources */ = {
			isa = PBXSourcesBuildPhase;
			buildActionMask = 2147483647;
			files = (
				6E609FA8253D9DA5003696F9 /* main.cpp in Sources */,
			);
			runOnlyForDeploymentPostprocessing = 0;
		};
		6E609FBC253DA284003696F9 /* Sources */ = {
			isa = PBXSourcesBuildPhase;
			buildActionMask = 2147483647;
			files = (
				6E609FC3253DA284003696F9 /* main.cpp in Sources */,
			);
			runOnlyForDeploymentPostprocessing = 0;
		};
		6E609FD8253DA966003696F9 /* Sources */ = {
			isa = PBXSourcesBuildPhase;
			buildActionMask = 2147483647;
			files = (
				6E609FDF253DA966003696F9 /* main.cpp in Sources */,
			);
			runOnlyForDeploymentPostprocessing = 0;
		};
		6EA1471B25242D47007BA1B0 /* Sources */ = {
			isa = PBXSourcesBuildPhase;
			buildActionMask = 2147483647;
			files = (
				6EA1472225242D47007BA1B0 /* main.cpp in Sources */,
			);
			runOnlyForDeploymentPostprocessing = 0;
		};
		6EA1472F2524367C007BA1B0 /* Sources */ = {
			isa = PBXSourcesBuildPhase;
			buildActionMask = 2147483647;
			files = (
				6EA147362524367C007BA1B0 /* main.cpp in Sources */,
			);
			runOnlyForDeploymentPostprocessing = 0;
		};
		6EA1474425245DB3007BA1B0 /* Sources */ = {
			isa = PBXSourcesBuildPhase;
			buildActionMask = 2147483647;
			files = (
				6EA1474B25245DB3007BA1B0 /* main.cpp in Sources */,
			);
			runOnlyForDeploymentPostprocessing = 0;
		};
/* End PBXSourcesBuildPhase section */

/* Begin XCBuildConfiguration section */
		51EA7F292523883A00C3BDAC /* Debug */ = {
			isa = XCBuildConfiguration;
			buildSettings = {
				CODE_SIGN_STYLE = Automatic;
				DEVELOPMENT_TEAM = W5JQ3L7DHT;
				ENABLE_HARDENED_RUNTIME = YES;
				PRODUCT_NAME = "$(TARGET_NAME)";
			};
			name = Debug;
		};
		51EA7F2A2523883A00C3BDAC /* Release */ = {
			isa = XCBuildConfiguration;
			buildSettings = {
				CODE_SIGN_STYLE = Automatic;
				DEVELOPMENT_TEAM = W5JQ3L7DHT;
				ENABLE_HARDENED_RUNTIME = YES;
				PRODUCT_NAME = "$(TARGET_NAME)";
			};
			name = Release;
		};
		51EA7F3C25238C1D00C3BDAC /* Debug */ = {
			isa = XCBuildConfiguration;
			buildSettings = {
				CODE_SIGN_STYLE = Automatic;
				DEVELOPMENT_TEAM = W5JQ3L7DHT;
				ENABLE_HARDENED_RUNTIME = YES;
				PRODUCT_NAME = "$(TARGET_NAME)";
			};
			name = Debug;
		};
		51EA7F3D25238C1D00C3BDAC /* Release */ = {
			isa = XCBuildConfiguration;
			buildSettings = {
				CODE_SIGN_STYLE = Automatic;
				DEVELOPMENT_TEAM = W5JQ3L7DHT;
				ENABLE_HARDENED_RUNTIME = YES;
				PRODUCT_NAME = "$(TARGET_NAME)";
			};
			name = Release;
		};
		6E2D98062522E93200B0153A /* Debug */ = {
			isa = XCBuildConfiguration;
			buildSettings = {
				CLANG_CXX_LANGUAGE_STANDARD = "gnu++17";
				CODE_SIGN_STYLE = Automatic;
				DEVELOPMENT_TEAM = 74662E86W8;
				ENABLE_HARDENED_RUNTIME = YES;
				PRODUCT_NAME = "$(TARGET_NAME)";
			};
			name = Debug;
		};
		6E2D98072522E93200B0153A /* Release */ = {
			isa = XCBuildConfiguration;
			buildSettings = {
				CLANG_CXX_LANGUAGE_STANDARD = "gnu++17";
				CODE_SIGN_STYLE = Automatic;
				DEVELOPMENT_TEAM = 74662E86W8;
				ENABLE_HARDENED_RUNTIME = YES;
				PRODUCT_NAME = "$(TARGET_NAME)";
			};
			name = Release;
		};
		6E2F056625233AD80046D552 /* Debug */ = {
			isa = XCBuildConfiguration;
			buildSettings = {
				CODE_SIGN_STYLE = Automatic;
				DEVELOPMENT_TEAM = 74662E86W8;
				ENABLE_HARDENED_RUNTIME = YES;
				PRODUCT_NAME = "$(TARGET_NAME)";
			};
			name = Debug;
		};
		6E2F056725233AD80046D552 /* Release */ = {
			isa = XCBuildConfiguration;
			buildSettings = {
				CODE_SIGN_STYLE = Automatic;
				DEVELOPMENT_TEAM = 74662E86W8;
				ENABLE_HARDENED_RUNTIME = YES;
				PRODUCT_NAME = "$(TARGET_NAME)";
			};
			name = Release;
		};
		6E3D44AC252C27A7004E448A /* Debug */ = {
			isa = XCBuildConfiguration;
			buildSettings = {
				CODE_SIGN_STYLE = Automatic;
				DEVELOPMENT_TEAM = 74662E86W8;
				ENABLE_HARDENED_RUNTIME = YES;
				PRODUCT_NAME = "$(TARGET_NAME)";
			};
			name = Debug;
		};
		6E3D44AD252C27A7004E448A /* Release */ = {
			isa = XCBuildConfiguration;
			buildSettings = {
				CODE_SIGN_STYLE = Automatic;
				DEVELOPMENT_TEAM = 74662E86W8;
				ENABLE_HARDENED_RUNTIME = YES;
				PRODUCT_NAME = "$(TARGET_NAME)";
			};
			name = Release;
		};
		6E3D44C4252C3FF3004E448A /* Debug */ = {
			isa = XCBuildConfiguration;
			buildSettings = {
				CODE_SIGN_STYLE = Automatic;
				DEVELOPMENT_TEAM = 74662E86W8;
				ENABLE_HARDENED_RUNTIME = YES;
				PRODUCT_NAME = "$(TARGET_NAME)";
			};
			name = Debug;
		};
		6E3D44C5252C3FF3004E448A /* Release */ = {
			isa = XCBuildConfiguration;
			buildSettings = {
				CODE_SIGN_STYLE = Automatic;
				DEVELOPMENT_TEAM = 74662E86W8;
				ENABLE_HARDENED_RUNTIME = YES;
				PRODUCT_NAME = "$(TARGET_NAME)";
			};
			name = Release;
		};
		6E3D44DC252C7394004E448A /* Debug */ = {
			isa = XCBuildConfiguration;
			buildSettings = {
				CODE_SIGN_STYLE = Automatic;
				DEVELOPMENT_TEAM = 74662E86W8;
				ENABLE_HARDENED_RUNTIME = YES;
				PRODUCT_NAME = "$(TARGET_NAME)";
			};
			name = Debug;
		};
		6E3D44DD252C7394004E448A /* Release */ = {
			isa = XCBuildConfiguration;
			buildSettings = {
				CODE_SIGN_STYLE = Automatic;
				DEVELOPMENT_TEAM = 74662E86W8;
				ENABLE_HARDENED_RUNTIME = YES;
				PRODUCT_NAME = "$(TARGET_NAME)";
			};
			name = Release;
		};
		6E45041F252172A700DAF497 /* Debug */ = {
			isa = XCBuildConfiguration;
			buildSettings = {
				ALWAYS_SEARCH_USER_PATHS = NO;
				CLANG_ANALYZER_NONNULL = YES;
				CLANG_ANALYZER_NUMBER_OBJECT_CONVERSION = YES_AGGRESSIVE;
				CLANG_CXX_LANGUAGE_STANDARD = "gnu++14";
				CLANG_CXX_LIBRARY = "libc++";
				CLANG_ENABLE_MODULES = YES;
				CLANG_ENABLE_OBJC_ARC = YES;
				CLANG_ENABLE_OBJC_WEAK = YES;
				CLANG_WARN_BLOCK_CAPTURE_AUTORELEASING = YES;
				CLANG_WARN_BOOL_CONVERSION = YES;
				CLANG_WARN_COMMA = YES;
				CLANG_WARN_CONSTANT_CONVERSION = YES;
				CLANG_WARN_DEPRECATED_OBJC_IMPLEMENTATIONS = YES;
				CLANG_WARN_DIRECT_OBJC_ISA_USAGE = YES_ERROR;
				CLANG_WARN_DOCUMENTATION_COMMENTS = YES;
				CLANG_WARN_EMPTY_BODY = YES;
				CLANG_WARN_ENUM_CONVERSION = YES;
				CLANG_WARN_INFINITE_RECURSION = YES;
				CLANG_WARN_INT_CONVERSION = YES;
				CLANG_WARN_NON_LITERAL_NULL_CONVERSION = YES;
				CLANG_WARN_OBJC_IMPLICIT_RETAIN_SELF = YES;
				CLANG_WARN_OBJC_LITERAL_CONVERSION = YES;
				CLANG_WARN_OBJC_ROOT_CLASS = YES_ERROR;
				CLANG_WARN_QUOTED_INCLUDE_IN_FRAMEWORK_HEADER = YES;
				CLANG_WARN_RANGE_LOOP_ANALYSIS = YES;
				CLANG_WARN_STRICT_PROTOTYPES = YES;
				CLANG_WARN_SUSPICIOUS_MOVE = YES;
				CLANG_WARN_UNGUARDED_AVAILABILITY = YES_AGGRESSIVE;
				CLANG_WARN_UNREACHABLE_CODE = YES;
				CLANG_WARN__DUPLICATE_METHOD_MATCH = YES;
				COPY_PHASE_STRIP = NO;
				DEBUG_INFORMATION_FORMAT = dwarf;
				ENABLE_STRICT_OBJC_MSGSEND = YES;
				ENABLE_TESTABILITY = YES;
				GCC_C_LANGUAGE_STANDARD = gnu11;
				GCC_DYNAMIC_NO_PIC = NO;
				GCC_NO_COMMON_BLOCKS = YES;
				GCC_OPTIMIZATION_LEVEL = 0;
				GCC_PREPROCESSOR_DEFINITIONS = (
					"DEBUG=1",
					"$(inherited)",
				);
				GCC_WARN_64_TO_32_BIT_CONVERSION = YES;
				GCC_WARN_ABOUT_RETURN_TYPE = YES_ERROR;
				GCC_WARN_UNDECLARED_SELECTOR = YES;
				GCC_WARN_UNINITIALIZED_AUTOS = YES_AGGRESSIVE;
				GCC_WARN_UNUSED_FUNCTION = YES;
				GCC_WARN_UNUSED_VARIABLE = YES;
				MACOSX_DEPLOYMENT_TARGET = 10.15;
				MTL_ENABLE_DEBUG_INFO = INCLUDE_SOURCE;
				MTL_FAST_MATH = YES;
				ONLY_ACTIVE_ARCH = YES;
				SDKROOT = macosx;
			};
			name = Debug;
		};
		6E450420252172A700DAF497 /* Release */ = {
			isa = XCBuildConfiguration;
			buildSettings = {
				ALWAYS_SEARCH_USER_PATHS = NO;
				CLANG_ANALYZER_NONNULL = YES;
				CLANG_ANALYZER_NUMBER_OBJECT_CONVERSION = YES_AGGRESSIVE;
				CLANG_CXX_LANGUAGE_STANDARD = "gnu++14";
				CLANG_CXX_LIBRARY = "libc++";
				CLANG_ENABLE_MODULES = YES;
				CLANG_ENABLE_OBJC_ARC = YES;
				CLANG_ENABLE_OBJC_WEAK = YES;
				CLANG_WARN_BLOCK_CAPTURE_AUTORELEASING = YES;
				CLANG_WARN_BOOL_CONVERSION = YES;
				CLANG_WARN_COMMA = YES;
				CLANG_WARN_CONSTANT_CONVERSION = YES;
				CLANG_WARN_DEPRECATED_OBJC_IMPLEMENTATIONS = YES;
				CLANG_WARN_DIRECT_OBJC_ISA_USAGE = YES_ERROR;
				CLANG_WARN_DOCUMENTATION_COMMENTS = YES;
				CLANG_WARN_EMPTY_BODY = YES;
				CLANG_WARN_ENUM_CONVERSION = YES;
				CLANG_WARN_INFINITE_RECURSION = YES;
				CLANG_WARN_INT_CONVERSION = YES;
				CLANG_WARN_NON_LITERAL_NULL_CONVERSION = YES;
				CLANG_WARN_OBJC_IMPLICIT_RETAIN_SELF = YES;
				CLANG_WARN_OBJC_LITERAL_CONVERSION = YES;
				CLANG_WARN_OBJC_ROOT_CLASS = YES_ERROR;
				CLANG_WARN_QUOTED_INCLUDE_IN_FRAMEWORK_HEADER = YES;
				CLANG_WARN_RANGE_LOOP_ANALYSIS = YES;
				CLANG_WARN_STRICT_PROTOTYPES = YES;
				CLANG_WARN_SUSPICIOUS_MOVE = YES;
				CLANG_WARN_UNGUARDED_AVAILABILITY = YES_AGGRESSIVE;
				CLANG_WARN_UNREACHABLE_CODE = YES;
				CLANG_WARN__DUPLICATE_METHOD_MATCH = YES;
				COPY_PHASE_STRIP = NO;
				DEBUG_INFORMATION_FORMAT = "dwarf-with-dsym";
				ENABLE_NS_ASSERTIONS = NO;
				ENABLE_STRICT_OBJC_MSGSEND = YES;
				GCC_C_LANGUAGE_STANDARD = gnu11;
				GCC_NO_COMMON_BLOCKS = YES;
				GCC_WARN_64_TO_32_BIT_CONVERSION = YES;
				GCC_WARN_ABOUT_RETURN_TYPE = YES_ERROR;
				GCC_WARN_UNDECLARED_SELECTOR = YES;
				GCC_WARN_UNINITIALIZED_AUTOS = YES_AGGRESSIVE;
				GCC_WARN_UNUSED_FUNCTION = YES;
				GCC_WARN_UNUSED_VARIABLE = YES;
				MACOSX_DEPLOYMENT_TARGET = 10.15;
				MTL_ENABLE_DEBUG_INFO = NO;
				MTL_FAST_MATH = YES;
				SDKROOT = macosx;
			};
			name = Release;
		};
		6E45042F252173AA00DAF497 /* Debug */ = {
			isa = XCBuildConfiguration;
			buildSettings = {
				CODE_SIGN_STYLE = Automatic;
				DEVELOPMENT_TEAM = 74662E86W8;
				ENABLE_HARDENED_RUNTIME = YES;
				PRODUCT_NAME = "$(TARGET_NAME)";
			};
			name = Debug;
		};
		6E450430252173AA00DAF497 /* Release */ = {
			isa = XCBuildConfiguration;
			buildSettings = {
				CODE_SIGN_STYLE = Automatic;
				DEVELOPMENT_TEAM = 74662E86W8;
				ENABLE_HARDENED_RUNTIME = YES;
				PRODUCT_NAME = "$(TARGET_NAME)";
			};
			name = Release;
		};
		6E45043C252194E100DAF497 /* Debug */ = {
			isa = XCBuildConfiguration;
			buildSettings = {
				CODE_SIGN_STYLE = Automatic;
				DEVELOPMENT_TEAM = 74662E86W8;
				ENABLE_HARDENED_RUNTIME = YES;
				PRODUCT_NAME = "$(TARGET_NAME)";
			};
			name = Debug;
		};
		6E45043D252194E100DAF497 /* Release */ = {
			isa = XCBuildConfiguration;
			buildSettings = {
				CODE_SIGN_STYLE = Automatic;
				DEVELOPMENT_TEAM = 74662E86W8;
				ENABLE_HARDENED_RUNTIME = YES;
				PRODUCT_NAME = "$(TARGET_NAME)";
			};
			name = Release;
		};
		6E4504482521CFEF00DAF497 /* Debug */ = {
			isa = XCBuildConfiguration;
			buildSettings = {
				CODE_SIGN_STYLE = Automatic;
				DEVELOPMENT_TEAM = 74662E86W8;
				ENABLE_HARDENED_RUNTIME = YES;
				PRODUCT_NAME = "$(TARGET_NAME)";
			};
			name = Debug;
		};
		6E4504492521CFEF00DAF497 /* Release */ = {
			isa = XCBuildConfiguration;
			buildSettings = {
				CODE_SIGN_STYLE = Automatic;
				DEVELOPMENT_TEAM = 74662E86W8;
				ENABLE_HARDENED_RUNTIME = YES;
				PRODUCT_NAME = "$(TARGET_NAME)";
			};
			name = Release;
		};
		6E4504572521D92500DAF497 /* Debug */ = {
			isa = XCBuildConfiguration;
			buildSettings = {
				CODE_SIGN_STYLE = Automatic;
				DEVELOPMENT_TEAM = 74662E86W8;
				ENABLE_HARDENED_RUNTIME = YES;
				PRODUCT_NAME = "$(TARGET_NAME)";
			};
			name = Debug;
		};
		6E4504582521D92500DAF497 /* Release */ = {
			isa = XCBuildConfiguration;
			buildSettings = {
				CODE_SIGN_STYLE = Automatic;
				DEVELOPMENT_TEAM = 74662E86W8;
				ENABLE_HARDENED_RUNTIME = YES;
				PRODUCT_NAME = "$(TARGET_NAME)";
			};
			name = Release;
		};
		6E609F8F253D79ED003696F9 /* Debug */ = {
			isa = XCBuildConfiguration;
			buildSettings = {
				CODE_SIGN_STYLE = Automatic;
				DEVELOPMENT_TEAM = 74662E86W8;
				ENABLE_HARDENED_RUNTIME = YES;
				PRODUCT_NAME = "$(TARGET_NAME)";
			};
			name = Debug;
		};
		6E609F90253D79ED003696F9 /* Release */ = {
			isa = XCBuildConfiguration;
			buildSettings = {
				CODE_SIGN_STYLE = Automatic;
				DEVELOPMENT_TEAM = 74662E86W8;
				ENABLE_HARDENED_RUNTIME = YES;
				PRODUCT_NAME = "$(TARGET_NAME)";
			};
			name = Release;
		};
		6E609FAA253D9DA5003696F9 /* Debug */ = {
			isa = XCBuildConfiguration;
			buildSettings = {
				CODE_SIGN_STYLE = Automatic;
				DEVELOPMENT_TEAM = 74662E86W8;
				ENABLE_HARDENED_RUNTIME = YES;
				PRODUCT_NAME = "$(TARGET_NAME)";
			};
			name = Debug;
		};
		6E609FAB253D9DA5003696F9 /* Release */ = {
			isa = XCBuildConfiguration;
			buildSettings = {
				CODE_SIGN_STYLE = Automatic;
				DEVELOPMENT_TEAM = 74662E86W8;
				ENABLE_HARDENED_RUNTIME = YES;
				PRODUCT_NAME = "$(TARGET_NAME)";
			};
			name = Release;
		};
		6E609FC5253DA284003696F9 /* Debug */ = {
			isa = XCBuildConfiguration;
			buildSettings = {
				CODE_SIGN_STYLE = Automatic;
				DEVELOPMENT_TEAM = 74662E86W8;
				ENABLE_HARDENED_RUNTIME = YES;
				PRODUCT_NAME = "$(TARGET_NAME)";
			};
			name = Debug;
		};
		6E609FC6253DA284003696F9 /* Release */ = {
			isa = XCBuildConfiguration;
			buildSettings = {
				CODE_SIGN_STYLE = Automatic;
				DEVELOPMENT_TEAM = 74662E86W8;
				ENABLE_HARDENED_RUNTIME = YES;
				PRODUCT_NAME = "$(TARGET_NAME)";
			};
			name = Release;
		};
		6E609FE1253DA966003696F9 /* Debug */ = {
			isa = XCBuildConfiguration;
			buildSettings = {
				CLANG_CXX_LANGUAGE_STANDARD = "c++17";
				CODE_SIGN_STYLE = Automatic;
				DEVELOPMENT_TEAM = 74662E86W8;
				ENABLE_HARDENED_RUNTIME = YES;
				PRODUCT_NAME = "$(TARGET_NAME)";
			};
			name = Debug;
		};
		6E609FE2253DA966003696F9 /* Release */ = {
			isa = XCBuildConfiguration;
			buildSettings = {
				CLANG_CXX_LANGUAGE_STANDARD = "c++17";
				CODE_SIGN_STYLE = Automatic;
				DEVELOPMENT_TEAM = 74662E86W8;
				ENABLE_HARDENED_RUNTIME = YES;
				PRODUCT_NAME = "$(TARGET_NAME)";
			};
			name = Release;
		};
		6EA1472325242D47007BA1B0 /* Debug */ = {
			isa = XCBuildConfiguration;
			buildSettings = {
				CODE_SIGN_STYLE = Automatic;
				DEVELOPMENT_TEAM = 74662E86W8;
				ENABLE_HARDENED_RUNTIME = YES;
				PRODUCT_NAME = "$(TARGET_NAME)";
			};
			name = Debug;
		};
		6EA1472425242D47007BA1B0 /* Release */ = {
			isa = XCBuildConfiguration;
			buildSettings = {
				CODE_SIGN_STYLE = Automatic;
				DEVELOPMENT_TEAM = 74662E86W8;
				ENABLE_HARDENED_RUNTIME = YES;
				PRODUCT_NAME = "$(TARGET_NAME)";
			};
			name = Release;
		};
		6EA147382524367C007BA1B0 /* Debug */ = {
			isa = XCBuildConfiguration;
			buildSettings = {
				CODE_SIGN_STYLE = Automatic;
				DEVELOPMENT_TEAM = 74662E86W8;
				ENABLE_HARDENED_RUNTIME = YES;
				PRODUCT_NAME = "$(TARGET_NAME)";
			};
			name = Debug;
		};
		6EA147392524367C007BA1B0 /* Release */ = {
			isa = XCBuildConfiguration;
			buildSettings = {
				CODE_SIGN_STYLE = Automatic;
				DEVELOPMENT_TEAM = 74662E86W8;
				ENABLE_HARDENED_RUNTIME = YES;
				PRODUCT_NAME = "$(TARGET_NAME)";
			};
			name = Release;
		};
		6EA1474D25245DB3007BA1B0 /* Debug */ = {
			isa = XCBuildConfiguration;
			buildSettings = {
				CODE_SIGN_STYLE = Automatic;
				DEVELOPMENT_TEAM = 74662E86W8;
				ENABLE_HARDENED_RUNTIME = YES;
				PRODUCT_NAME = "$(TARGET_NAME)";
			};
			name = Debug;
		};
		6EA1474E25245DB3007BA1B0 /* Release */ = {
			isa = XCBuildConfiguration;
			buildSettings = {
				CODE_SIGN_STYLE = Automatic;
				DEVELOPMENT_TEAM = 74662E86W8;
				ENABLE_HARDENED_RUNTIME = YES;
				PRODUCT_NAME = "$(TARGET_NAME)";
			};
			name = Release;
		};
/* End XCBuildConfiguration section */

/* Begin XCConfigurationList section */
		51EA7F2B2523883A00C3BDAC /* Build configuration list for PBXNativeTarget "07_05_inline_function" */ = {
			isa = XCConfigurationList;
			buildConfigurations = (
				51EA7F292523883A00C3BDAC /* Debug */,
				51EA7F2A2523883A00C3BDAC /* Release */,
			);
			defaultConfigurationIsVisible = 0;
			defaultConfigurationName = Release;
		};
		51EA7F3B25238C1D00C3BDAC /* Build configuration list for PBXNativeTarget "07_06_function_overloading" */ = {
			isa = XCConfigurationList;
			buildConfigurations = (
				51EA7F3C25238C1D00C3BDAC /* Debug */,
				51EA7F3D25238C1D00C3BDAC /* Release */,
			);
			defaultConfigurationIsVisible = 0;
			defaultConfigurationName = Release;
		};
		6E2D98082522E93200B0153A /* Build configuration list for PBXNativeTarget "07_04b_returning_value_by_value_reference_and_address" */ = {
			isa = XCConfigurationList;
			buildConfigurations = (
				6E2D98062522E93200B0153A /* Debug */,
				6E2D98072522E93200B0153A /* Release */,
			);
			defaultConfigurationIsVisible = 0;
			defaultConfigurationName = Release;
		};
		6E2F056825233AD80046D552 /* Build configuration list for PBXNativeTarget "07_04c_returning_value_by_value_reference_and_address" */ = {
			isa = XCConfigurationList;
			buildConfigurations = (
				6E2F056625233AD80046D552 /* Debug */,
				6E2F056725233AD80046D552 /* Release */,
			);
			defaultConfigurationIsVisible = 0;
			defaultConfigurationName = Release;
		};
		6E3D44AE252C27A7004E448A /* Build configuration list for PBXNativeTarget "07_08_function_pointers_02" */ = {
			isa = XCConfigurationList;
			buildConfigurations = (
				6E3D44AC252C27A7004E448A /* Debug */,
				6E3D44AD252C27A7004E448A /* Release */,
			);
			defaultConfigurationIsVisible = 0;
			defaultConfigurationName = Release;
		};
		6E3D44C3252C3FF3004E448A /* Build configuration list for PBXNativeTarget "07_08_function_pointers_03" */ = {
			isa = XCConfigurationList;
			buildConfigurations = (
				6E3D44C4252C3FF3004E448A /* Debug */,
				6E3D44C5252C3FF3004E448A /* Release */,
			);
			defaultConfigurationIsVisible = 0;
			defaultConfigurationName = Release;
		};
		6E3D44DB252C7394004E448A /* Build configuration list for PBXNativeTarget "07_09_the_stack_and_the_heap" */ = {
			isa = XCConfigurationList;
			buildConfigurations = (
				6E3D44DC252C7394004E448A /* Debug */,
				6E3D44DD252C7394004E448A /* Release */,
			);
			defaultConfigurationIsVisible = 0;
			defaultConfigurationName = Release;
		};
		6E450415252172A700DAF497 /* Build configuration list for PBXProject "07_Functions" */ = {
			isa = XCConfigurationList;
			buildConfigurations = (
				6E45041F252172A700DAF497 /* Debug */,
				6E450420252172A700DAF497 /* Release */,
			);
			defaultConfigurationIsVisible = 0;
			defaultConfigurationName = Release;
		};
		6E45042E252173AA00DAF497 /* Build configuration list for PBXNativeTarget "07_03_passing_arguments_by_value" */ = {
			isa = XCConfigurationList;
			buildConfigurations = (
				6E45042F252173AA00DAF497 /* Debug */,
				6E450430252173AA00DAF497 /* Release */,
			);
			defaultConfigurationIsVisible = 0;
			defaultConfigurationName = Release;
		};
		6E45043B252194E100DAF497 /* Build configuration list for PBXNativeTarget "07_04_passing_arguments_by_address" */ = {
			isa = XCConfigurationList;
			buildConfigurations = (
				6E45043C252194E100DAF497 /* Debug */,
				6E45043D252194E100DAF497 /* Release */,
			);
			defaultConfigurationIsVisible = 0;
			defaultConfigurationName = Release;
		};
		6E45044A2521CFEF00DAF497 /* Build configuration list for PBXNativeTarget "07_04_passing_arguments_by_address_01" */ = {
			isa = XCConfigurationList;
			buildConfigurations = (
				6E4504482521CFEF00DAF497 /* Debug */,
				6E4504492521CFEF00DAF497 /* Release */,
			);
			defaultConfigurationIsVisible = 0;
			defaultConfigurationName = Release;
		};
		6E4504562521D92500DAF497 /* Build configuration list for PBXNativeTarget "07_04a_returning_values_by_value_reference_and_address" */ = {
			isa = XCConfigurationList;
			buildConfigurations = (
				6E4504572521D92500DAF497 /* Debug */,
				6E4504582521D92500DAF497 /* Release */,
			);
			defaultConfigurationIsVisible = 0;
			defaultConfigurationName = Release;
		};
		6E609F91253D79ED003696F9 /* Build configuration list for PBXNativeTarget "07_04_passing_argument_by_address_01" */ = {
			isa = XCConfigurationList;
			buildConfigurations = (
				6E609F8F253D79ED003696F9 /* Debug */,
				6E609F90253D79ED003696F9 /* Release */,
			);
			defaultConfigurationIsVisible = 0;
			defaultConfigurationName = Release;
		};
		6E609FA9253D9DA5003696F9 /* Build configuration list for PBXNativeTarget "07_10_std_vector_capacity_and_stack_behavior" */ = {
			isa = XCConfigurationList;
			buildConfigurations = (
				6E609FAA253D9DA5003696F9 /* Debug */,
				6E609FAB253D9DA5003696F9 /* Release */,
			);
			defaultConfigurationIsVisible = 0;
			defaultConfigurationName = Release;
		};
		6E609FC4253DA284003696F9 /* Build configuration list for PBXNativeTarget "07_10_std_vector_capacity_and_stack_behavior_01" */ = {
			isa = XCConfigurationList;
			buildConfigurations = (
				6E609FC5253DA284003696F9 /* Debug */,
				6E609FC6253DA284003696F9 /* Release */,
			);
			defaultConfigurationIsVisible = 0;
			defaultConfigurationName = Release;
		};
		6E609FE0253DA966003696F9 /* Build configuration list for PBXNativeTarget "07_11_recursion" */ = {
			isa = XCConfigurationList;
			buildConfigurations = (
				6E609FE1253DA966003696F9 /* Debug */,
				6E609FE2253DA966003696F9 /* Release */,
			);
			defaultConfigurationIsVisible = 0;
			defaultConfigurationName = Release;
		};
		6EA1472525242D47007BA1B0 /* Build configuration list for PBXNativeTarget "07_07_default_arguments" */ = {
			isa = XCConfigurationList;
			buildConfigurations = (
				6EA1472325242D47007BA1B0 /* Debug */,
				6EA1472425242D47007BA1B0 /* Release */,
			);
			defaultConfigurationIsVisible = 0;
			defaultConfigurationName = Release;
		};
		6EA147372524367C007BA1B0 /* Build configuration list for PBXNativeTarget "07_08_function_pointers" */ = {
			isa = XCConfigurationList;
			buildConfigurations = (
				6EA147382524367C007BA1B0 /* Debug */,
				6EA147392524367C007BA1B0 /* Release */,
			);
			defaultConfigurationIsVisible = 0;
			defaultConfigurationName = Release;
		};
		6EA1474C25245DB3007BA1B0 /* Build configuration list for PBXNativeTarget "07_08_function_pointers_01" */ = {
			isa = XCConfigurationList;
			buildConfigurations = (
				6EA1474D25245DB3007BA1B0 /* Debug */,
				6EA1474E25245DB3007BA1B0 /* Release */,
			);
			defaultConfigurationIsVisible = 0;
			defaultConfigurationName = Release;
		};
/* End XCConfigurationList section */
	};
	rootObject = 6E450412252172A700DAF497 /* Project object */;
}
